# AUTO GENERATED FROM environment.py-3.12.yml, DO NOT MANUALLY MODIFY
# Frozen on 2024-05-29 18:21:59 UTC
# Generated by conda-lock.
# platform: linux-64
# input_hash: 6d2040036494084e2f3c0899165a5085136ba08f1b68f04a9db72ccc53912d12
@EXPLICIT
https://conda.anaconda.org/conda-forge/linux-64/_libgcc_mutex-0.1-conda_forge.tar.bz2#d7c89558ba9fa0495403155b64376d81
https://conda.anaconda.org/conda-forge/linux-64/ca-certificates-2024.2.2-hbcca054_0.conda#2f4327a1cbe7f022401b236e915a5fef
https://conda.anaconda.org/conda-forge/linux-64/ld_impl_linux-64-2.40-hf3520f5_1.conda#33b7851c39c25da14f6a233a8ccbeeca
https://conda.anaconda.org/conda-forge/linux-64/libstdcxx-ng-13.2.0-hc0a3c3a_7.conda#53ebd4c833fa01cb2c6353e99f905406
https://conda.anaconda.org/conda-forge/linux-64/python_abi-3.12-4_cp312.conda#dccc2d142812964fcc6abdc97b672dff
https://conda.anaconda.org/conda-forge/noarch/tzdata-2024a-h0c530f3_0.conda#161081fc7cec0bfda0d86d7cb595f8d8
https://conda.anaconda.org/conda-forge/linux-64/libgomp-13.2.0-h77fa898_7.conda#abf3fec87c2563697defa759dec3d639
https://conda.anaconda.org/conda-forge/linux-64/_openmp_mutex-4.5-2_gnu.tar.bz2#73aaf86a425cc6e73fcf236a5a46396d
https://conda.anaconda.org/conda-forge/linux-64/libgcc-ng-13.2.0-h77fa898_7.conda#72ec1b1b04c4d15d4204ece1ecea5978
https://conda.anaconda.org/conda-forge/linux-64/bzip2-1.0.8-hd590300_5.conda#69b8b6202a07720f448be700e300ccf4
https://conda.anaconda.org/conda-forge/linux-64/icu-73.2-h59595ed_0.conda#cc47e1facc155f91abd89b11e48e72ff
https://conda.anaconda.org/conda-forge/linux-64/keyutils-1.6.1-h166bdaf_0.tar.bz2#30186d27e2c9fa62b45fb1476b7200e3
https://conda.anaconda.org/conda-forge/linux-64/libexpat-2.6.2-h59595ed_0.conda#e7ba12deb7020dd080c6c70e7b6f6a3d
https://conda.anaconda.org/conda-forge/linux-64/libffi-3.4.2-h7f98852_5.tar.bz2#d645c6d2ac96843a2bfaccd2d62b3ac3
https://conda.anaconda.org/conda-forge/linux-64/libnsl-2.0.1-hd590300_0.conda#30fd6e37fe21f86f4bd26d6ee73eeec7
https://conda.anaconda.org/conda-forge/linux-64/libsodium-1.0.18-h36c2ea0_1.tar.bz2#c3788462a6fbddafdb413a9f9053e58d
https://conda.anaconda.org/conda-forge/linux-64/libuuid-2.38.1-h0b41bf4_0.conda#40b61aab5c7ba9ff276c41cfffe6b80b
https://conda.anaconda.org/conda-forge/linux-64/libuv-1.48.0-hd590300_0.conda#7e8b914b1062dd4386e3de4d82a3ead6
https://conda.anaconda.org/conda-forge/linux-64/libxcrypt-4.4.36-hd590300_1.conda#5aa797f8787fe7a17d1b0821485b5adc
https://conda.anaconda.org/conda-forge/linux-64/libzlib-1.2.13-h4ab18f5_6.conda#27329162c0dc732bcf67a4e0cd488125
https://conda.anaconda.org/conda-forge/linux-64/ncurses-6.5-h59595ed_0.conda#fcea371545eda051b6deafb24889fc69
https://conda.anaconda.org/conda-forge/linux-64/openssl-3.3.0-h4ab18f5_3.conda#12ea6d0d4ed54530eaed18e4835c1f7c
https://conda.anaconda.org/conda-forge/linux-64/xz-5.2.6-h166bdaf_0.tar.bz2#2161070d867d1b1204ea749c8eec4ef0
https://conda.anaconda.org/conda-forge/linux-64/yaml-0.2.5-h7f98852_2.tar.bz2#4cb3ad778ec2d5a7acbdf254eb1c42ae
https://conda.anaconda.org/conda-forge/linux-64/libedit-3.1.20191231-he28a2e2_2.tar.bz2#4d331e44109e3f0e19b4cb8f9b82f3e1
https://conda.anaconda.org/conda-forge/linux-64/libsqlite-3.45.3-h2797004_0.conda#b3316cbe90249da4f8e84cd66e1cc55b
https://conda.anaconda.org/conda-forge/linux-64/readline-8.2-h8228510_1.conda#47d31b792659ce70f470b5c82fdfb7a4
https://conda.anaconda.org/conda-forge/linux-64/tk-8.6.13-noxft_h4845f30_101.conda#d453b98d9c83e71da0741bb0ff4d76bc
https://conda.anaconda.org/conda-forge/linux-64/zlib-1.2.13-h4ab18f5_6.conda#559d338a4234c2ad6e676f460a093e67
https://conda.anaconda.org/conda-forge/linux-64/krb5-1.21.2-h659d440_0.conda#cd95826dbd331ed1be26bdf401432844
https://conda.anaconda.org/conda-forge/linux-64/nodejs-18.20.2-h84e79e0_0.conda#de31995a7a3eae6d2230ffa5d68e9aa2
https://conda.anaconda.org/conda-forge/linux-64/python-3.12.3-hab00c5b_0_cpython.conda#2540b74d304f71d3e89c81209db4db84
https://conda.anaconda.org/conda-forge/noarch/async_generator-1.10-py_0.tar.bz2#d56c596e61b1c4952acf0a9920856c12
https://conda.anaconda.org/conda-forge/noarch/attrs-23.2.0-pyh71513ae_0.conda#5e4c0743c70186509d1412e03c2d8dfa
https://conda.anaconda.org/conda-forge/noarch/blinker-1.8.2-pyhd8ed1ab_0.conda#cf85c002319c15e9721934104aaa1137
https://conda.anaconda.org/conda-forge/linux-64/brotli-python-1.1.0-py312h30efb56_1.conda#45801a89533d3336a365284d93298e36
https://conda.anaconda.org/conda-forge/noarch/cached_property-1.5.2-pyha770c72_1.tar.bz2#576d629e47797577ab0f1b351297ef4a
https://conda.anaconda.org/conda-forge/noarch/certifi-2024.2.2-pyhd8ed1ab_0.conda#0876280e409658fc6f9e75d035960333
https://conda.anaconda.org/conda-forge/noarch/charset-normalizer-3.3.2-pyhd8ed1ab_0.conda#7f4a9e3fcff3f6356ae99244a014da6a
https://conda.anaconda.org/conda-forge/linux-64/debugpy-1.8.1-py312h30efb56_0.conda#bdd639417094ace2fb1ce10b20d68d5d
https://conda.anaconda.org/conda-forge/noarch/decorator-5.1.1-pyhd8ed1ab_0.tar.bz2#43afe5ab04e35e17ba28649471dd7364
https://conda.anaconda.org/conda-forge/noarch/defusedxml-0.7.1-pyhd8ed1ab_0.tar.bz2#961b3a227b437d82ad7054484cfa71b2
https://conda.anaconda.org/conda-forge/noarch/entrypoints-0.4-pyhd8ed1ab_0.tar.bz2#3cf04868fee0a029769bd41f4b2fbf2d
https://conda.anaconda.org/conda-forge/noarch/exceptiongroup-1.2.0-pyhd8ed1ab_2.conda#8d652ea2ee8eaee02ed8dc820bc794aa
https://conda.anaconda.org/conda-forge/noarch/executing-2.0.1-pyhd8ed1ab_0.conda#e16be50e378d8a4533b989035b196ab8
https://conda.anaconda.org/conda-forge/linux-64/greenlet-3.0.3-py312h30efb56_0.conda#a8a85268e01ddee952f4105f3a8122a4
https://conda.anaconda.org/conda-forge/noarch/hpack-4.0.0-pyh9f0ad1d_0.tar.bz2#914d6646c4dbb1fd3ff539830a12fd71
https://conda.anaconda.org/conda-forge/noarch/hyperframe-6.0.1-pyhd8ed1ab_0.tar.bz2#9f765cbfab6870c8435b9eefecd7a1f4
https://conda.anaconda.org/conda-forge/noarch/idna-3.7-pyhd8ed1ab_0.conda#c0cc1420498b17414d8617d0b9f506ca
https://conda.anaconda.org/conda-forge/noarch/ipython_genutils-0.2.0-pyhd8ed1ab_1.conda#f8ed9f18dce81e4ee55c858cc2f8548a
https://conda.anaconda.org/conda-forge/noarch/json5-0.9.25-pyhd8ed1ab_0.conda#5d8c241a9261e720a34a07a3e1ac4109
https://conda.anaconda.org/conda-forge/linux-64/jsonpointer-2.4-py312h7900ff3_3.conda#50f62bdb9b60b13c2f6ae69957342e4d
https://conda.anaconda.org/conda-forge/noarch/jupyterlab_widgets-3.0.11-pyhd8ed1ab_0.conda#fc0cb2abcfcec65ecbdcde4289b62fea
https://conda.anaconda.org/conda-forge/linux-64/markupsafe-2.1.5-py312h98912ed_0.conda#6ff0b9582da2d4a74a1f9ae1f9ce2af6
https://conda.anaconda.org/conda-forge/noarch/mistune-3.0.2-pyhd8ed1ab_0.conda#5cbee699846772cc939bef23a0d524ed
https://conda.anaconda.org/conda-forge/noarch/nest-asyncio-1.6.0-pyhd8ed1ab_0.conda#6598c056f64dc8800d40add25e4e2c34
https://conda.anaconda.org/conda-forge/noarch/packaging-24.0-pyhd8ed1ab_0.conda#248f521b64ce055e7feae3105e7abeb8
https://conda.anaconda.org/conda-forge/noarch/pamela-1.1.0-pyh1a96a4e_0.conda#dce93ccf07159017c69c6d9cea2d5d61
https://conda.anaconda.org/conda-forge/noarch/pandocfilters-1.5.0-pyhd8ed1ab_0.tar.bz2#457c2c8c08e54905d6954e79cb5b5db9
https://conda.anaconda.org/conda-forge/noarch/parso-0.8.4-pyhd8ed1ab_0.conda#81534b420deb77da8833f2289b8d47ac
https://conda.anaconda.org/conda-forge/noarch/pickleshare-0.7.5-py_1003.tar.bz2#415f0ebb6198cc2801c73438a9fb5761
https://conda.anaconda.org/conda-forge/noarch/pkgutil-resolve-name-1.3.10-pyhd8ed1ab_1.conda#405678b942f2481cecdb3e010f4925d9
https://conda.anaconda.org/conda-forge/noarch/platformdirs-4.2.2-pyhd8ed1ab_0.conda#6f6cf28bf8e021933869bae3f84b8fc9
https://conda.anaconda.org/conda-forge/noarch/prometheus_client-0.20.0-pyhd8ed1ab_0.conda#9a19b94034dd3abb2b348c8b93388035
https://conda.anaconda.org/conda-forge/linux-64/psutil-5.9.8-py312h98912ed_0.conda#3facaca6cc0f7988df3250efccd32da3
https://conda.anaconda.org/conda-forge/noarch/ptyprocess-0.7.0-pyhd3deb0d_0.tar.bz2#359eeb6536da0e687af562ed265ec263
https://conda.anaconda.org/conda-forge/noarch/pure_eval-0.2.2-pyhd8ed1ab_0.tar.bz2#6784285c7e55cb7212efabc79e4c2883
https://conda.anaconda.org/conda-forge/noarch/pycparser-2.22-pyhd8ed1ab_0.conda#844d9eb3b43095b031874477f7d70088
https://conda.anaconda.org/conda-forge/noarch/pygments-2.18.0-pyhd8ed1ab_0.conda#b7f5c092b8f9800150d998a71b76d5a1
https://conda.anaconda.org/conda-forge/noarch/pyjwt-2.8.0-pyhd8ed1ab_1.conda#74f76d4868dbba5870f2cf1d9b12d8f3
https://conda.anaconda.org/conda-forge/noarch/pysocks-1.7.1-pyha2e5f31_6.tar.bz2#2a7de29fb590ca14b5243c4c812c8025
https://conda.anaconda.org/conda-forge/noarch/python-fastjsonschema-2.19.1-pyhd8ed1ab_0.conda#4d3ceee3af4b0f9a1f48f57176bf8625
https://conda.anaconda.org/conda-forge/noarch/python-json-logger-2.0.7-pyhd8ed1ab_0.conda#a61bf9ec79426938ff785eb69dbb1960
https://conda.anaconda.org/conda-forge/noarch/pytz-2024.1-pyhd8ed1ab_0.conda#3eeeeb9e4827ace8c0c1419c85d590ad
https://conda.anaconda.org/conda-forge/linux-64/pyyaml-6.0.1-py312h98912ed_1.conda#e3fd78d8d490af1d84763b9fe3f2e552
https://conda.anaconda.org/conda-forge/noarch/rfc3986-validator-0.1.1-pyh9f0ad1d_0.tar.bz2#912a71cc01012ee38e6b90ddd561e36f
https://conda.anaconda.org/conda-forge/linux-64/rpds-py-0.18.1-py312h4413252_0.conda#73da42918aaeb87d5618f82e2ac18d1f
https://conda.anaconda.org/conda-forge/linux-64/ruamel.yaml.clib-0.2.8-py312h98912ed_0.conda#05f31c2a79ba61df8d6d903ce4a4ce7b
https://conda.anaconda.org/conda-forge/noarch/send2trash-1.8.3-pyh0d859eb_0.conda#778594b20097b5a948c59e50ae42482a
https://conda.anaconda.org/conda-forge/noarch/setuptools-70.0.0-pyhd8ed1ab_0.conda#c8ddb4f34a208df4dd42509a0f6a1c89
https://conda.anaconda.org/conda-forge/noarch/six-1.16.0-pyh6c4a22f_0.tar.bz2#e5f25f8dbc060e9a8d912e432202afc2
https://conda.anaconda.org/conda-forge/noarch/sniffio-1.3.1-pyhd8ed1ab_0.conda#490730480d76cf9c8f8f2849719c6e2b
https://conda.anaconda.org/conda-forge/noarch/soupsieve-2.5-pyhd8ed1ab_1.conda#3f144b2c34f8cb5a9abd9ed23a39c561
https://conda.anaconda.org/conda-forge/noarch/tomli-2.0.1-pyhd8ed1ab_0.tar.bz2#5844808ffab9ebdb694585b50ba02a96
https://conda.anaconda.org/conda-forge/linux-64/tornado-6.4-py312h98912ed_0.conda#e8332e534dca8c5c12c8352e0a23501c
https://conda.anaconda.org/conda-forge/noarch/traitlets-5.14.3-pyhd8ed1ab_0.conda#3df84416a021220d8b5700c613af2dc5
https://conda.anaconda.org/conda-forge/noarch/types-python-dateutil-2.9.0.20240316-pyhd8ed1ab_0.conda#7831efa91d57475373ee52fb92e8d137
https://conda.anaconda.org/conda-forge/noarch/typing_extensions-4.11.0-pyha770c72_0.conda#6ef2fc37559256cf682d8b3375e89b80
https://conda.anaconda.org/conda-forge/noarch/typing_utils-0.1.0-pyhd8ed1ab_0.tar.bz2#eb67e3cace64c66233e2d35949e20f92
https://conda.anaconda.org/conda-forge/noarch/uri-template-1.3.0-pyhd8ed1ab_0.conda#0944dc65cb4a9b5b68522c3bb585d41c
https://conda.anaconda.org/conda-forge/noarch/wcwidth-0.2.13-pyhd8ed1ab_0.conda#68f0738df502a14213624b288c60c9ad
https://conda.anaconda.org/conda-forge/noarch/webcolors-1.13-pyhd8ed1ab_0.conda#166212fe82dad8735550030488a01d03
https://conda.anaconda.org/conda-forge/noarch/webencodings-0.5.1-pyhd8ed1ab_2.conda#daf5160ff9cde3a468556965329085b9
https://conda.anaconda.org/conda-forge/noarch/websocket-client-1.8.0-pyhd8ed1ab_0.conda#f372c576b8774922da83cda2b12f9d29
https://conda.anaconda.org/conda-forge/noarch/wheel-0.43.0-pyhd8ed1ab_1.conda#0b5293a157c2b5cd513dd1b03d8d3aae
https://conda.anaconda.org/conda-forge/noarch/widgetsnbextension-4.0.11-pyhd8ed1ab_0.conda#95ba42a349c9d8eac28e30d0b637401f
https://conda.anaconda.org/conda-forge/linux-64/zeromq-4.3.5-h75354e8_4.conda#03cc8d9838ad9dd0060ab532e81ccb21
https://conda.anaconda.org/conda-forge/noarch/zipp-3.17.0-pyhd8ed1ab_0.conda#2e4d6bc0b14e10f895fc6791a7d9b26a
https://conda.anaconda.org/conda-forge/noarch/anyio-4.3.0-pyhd8ed1ab_0.conda#ac95aa8ed65adfdde51132595c79aade
https://conda.anaconda.org/conda-forge/noarch/asttokens-2.4.1-pyhd8ed1ab_0.conda#5f25798dcefd8252ce5f9dc494d5f571
https://conda.anaconda.org/conda-forge/noarch/async-lru-2.0.4-pyhd8ed1ab_0.conda#3d081de3a6ea9f894bbb585e8e3a4dcb
https://conda.anaconda.org/conda-forge/noarch/babel-2.14.0-pyhd8ed1ab_0.conda#9669586875baeced8fc30c0826c3270e
https://conda.anaconda.org/conda-forge/noarch/beautifulsoup4-4.12.3-pyha770c72_0.conda#332493000404d8411859539a5a630865
https://conda.anaconda.org/conda-forge/noarch/bleach-6.1.0-pyhd8ed1ab_0.conda#0ed9d7c0e9afa7c025807a9a8136ea3e
https://conda.anaconda.org/conda-forge/noarch/cached-property-1.5.2-hd8ed1ab_1.tar.bz2#9b347a7ec10940d3f7941ff6c460b551
https://conda.anaconda.org/conda-forge/linux-64/cffi-1.16.0-py312hf06ca03_0.conda#56b0ca764ce23cc54f3f7e2a7b970f6d
https://conda.anaconda.org/conda-forge/noarch/comm-0.2.2-pyhd8ed1ab_0.conda#948d84721b578d426294e17a02e24cbb
https://conda.anaconda.org/conda-forge/noarch/h11-0.14.0-pyhd8ed1ab_0.tar.bz2#b21ed0883505ba1910994f1df031a428
https://conda.anaconda.org/conda-forge/noarch/h2-4.1.0-pyhd8ed1ab_0.tar.bz2#b748fbf7060927a6e82df7cb5ee8f097
https://conda.anaconda.org/conda-forge/noarch/importlib-metadata-7.1.0-pyha770c72_0.conda#0896606848b2dc5cebdf111b6543aa04
https://conda.anaconda.org/conda-forge/noarch/importlib_resources-6.4.0-pyhd8ed1ab_0.conda#c5d3907ad8bd7bf557521a1833cf7e6d
https://conda.anaconda.org/conda-forge/noarch/jedi-0.19.1-pyhd8ed1ab_0.conda#81a3be0b2023e1ea8555781f0ad904a2
https://conda.anaconda.org/conda-forge/noarch/jinja2-3.1.4-pyhd8ed1ab_0.conda#7b86ecb7d3557821c649b3c31e3eb9f2
https://conda.anaconda.org/conda-forge/linux-64/jupyter_core-5.7.2-py312h7900ff3_0.conda#eee5a2e3465220ed87196bbb5665f420
https://conda.anaconda.org/conda-forge/noarch/jupyterlab_pygments-0.3.0-pyhd8ed1ab_1.conda#afcd1b53bcac8844540358e33f33d28f
https://conda.anaconda.org/conda-forge/noarch/matplotlib-inline-0.1.7-pyhd8ed1ab_0.conda#779345c95648be40d22aaa89de7d4254
https://conda.anaconda.org/conda-forge/noarch/overrides-7.7.0-pyhd8ed1ab_0.conda#24fba5a9d161ad8103d4e84c0e1a3ed4
https://conda.anaconda.org/conda-forge/noarch/pexpect-4.9.0-pyhd8ed1ab_0.conda#629f3203c99b32e0988910c93e77f3b6
https://conda.anaconda.org/conda-forge/noarch/pip-24.0-pyhd8ed1ab_0.conda#f586ac1e56c8638b64f9c8122a7b8a67
https://conda.anaconda.org/conda-forge/noarch/prompt-toolkit-3.0.42-pyha770c72_0.conda#0bf64bf10eee21f46ac83c161917fa86
https://conda.anaconda.org/conda-forge/noarch/python-dateutil-2.9.0-pyhd8ed1ab_0.conda#2cf4264fffb9e6eff6031c5b6884d61c
https://conda.anaconda.org/conda-forge/linux-64/pyzmq-26.0.3-py312h8fd38d8_0.conda#27efa6d21e98bcab4585a6b913df7625
https://conda.anaconda.org/conda-forge/noarch/referencing-0.35.1-pyhd8ed1ab_0.conda#0fc8b52192a8898627c3efae1003e9f6
https://conda.anaconda.org/conda-forge/noarch/rfc3339-validator-0.1.4-pyhd8ed1ab_0.tar.bz2#fed45fc5ea0813240707998abe49f520
https://conda.anaconda.org/conda-forge/linux-64/ruamel.yaml-0.18.6-py312h98912ed_0.conda#a99a06a875138829ef65f44bbe2c30ca
https://conda.anaconda.org/conda-forge/noarch/terminado-0.18.1-pyh0d859eb_0.conda#efba281bbdae5f6b0a1d53c6d4a97c93
https://conda.anaconda.org/conda-forge/noarch/tinycss2-1.3.0-pyhd8ed1ab_0.conda#8662629d9a05f9cff364e31ca106c1ac
https://conda.anaconda.org/conda-forge/noarch/typing-extensions-4.11.0-hd8ed1ab_0.conda#471e3988f8ca5e9eb3ce6be7eac3bcee
https://conda.anaconda.org/conda-forge/noarch/urllib3-2.2.1-pyhd8ed1ab_0.conda#08807a87fa7af10754d46f63b368e016
https://conda.anaconda.org/conda-forge/linux-64/argon2-cffi-bindings-21.2.0-py312h98912ed_4.conda#00536e0a1734dcde9815fe227f32fc5a
https://conda.anaconda.org/conda-forge/noarch/arrow-1.3.0-pyhd8ed1ab_0.conda#b77d8c2313158e6e461ca0efb1c2c508
https://conda.anaconda.org/conda-forge/linux-64/cryptography-42.0.7-py312hbcc2302_0.conda#7bc0e1aae21b2e82d03959931f4294f0
https://conda.anaconda.org/conda-forge/noarch/fqdn-1.5.1-pyhd8ed1ab_0.tar.bz2#642d35437078749ef23a5dca2c9bb1f3
https://conda.anaconda.org/conda-forge/noarch/httpcore-1.0.5-pyhd8ed1ab_0.conda#a6b9a0158301e697e4d0a36a3d60e133
https://conda.anaconda.org/conda-forge/noarch/importlib_metadata-7.1.0-hd8ed1ab_0.conda#6ef2b72d291b39e479d7694efa2b2b98
https://conda.anaconda.org/conda-forge/noarch/jsonschema-specifications-2023.12.1-pyhd8ed1ab_0.conda#a0e4efb5f35786a05af4809a2fb1f855
https://conda.anaconda.org/conda-forge/noarch/jupyter_client-7.4.9-pyhd8ed1ab_0.conda#5cbf9a31a19d4ef9103adb7d71fd45fd
https://conda.anaconda.org/conda-forge/noarch/jupyter_server_terminals-0.5.3-pyhd8ed1ab_0.conda#219b3833aa8ed91d47d1be6ca03f30be
https://conda.anaconda.org/conda-forge/noarch/mako-1.3.5-pyhd8ed1ab_0.conda#29fddbfa0e2361636a98de4f46ead2ac
https://conda.anaconda.org/conda-forge/noarch/requests-2.32.2-pyhd8ed1ab_0.conda#e1643b34b19df8c028a4f00bf5df58a6
https://conda.anaconda.org/conda-forge/linux-64/sqlalchemy-2.0.30-py312h9a8786e_0.conda#76b17aead4627038aef36febaa0a5f7d
https://conda.anaconda.org/conda-forge/noarch/stack_data-0.6.2-pyhd8ed1ab_0.conda#e7df0fdd404616638df5ece6e69ba7af
https://conda.anaconda.org/conda-forge/noarch/alembic-1.13.1-pyhd8ed1ab_1.conda#7b7b0062b0de9f3f71502d31215fcbbb
https://conda.anaconda.org/conda-forge/noarch/argon2-cffi-23.1.0-pyhd8ed1ab_0.conda#3afef1f55a1366b4d3b6a0d92e2235e4
https://conda.anaconda.org/conda-forge/noarch/httpx-0.27.0-pyhd8ed1ab_0.conda#9f359af5a886fd6ca6b2b6ea02e58332
https://conda.anaconda.org/conda-forge/noarch/ipython-8.24.0-pyh707e725_0.conda#1fb1f1fcbe053a762748dbf0ae4cfd0d
https://conda.anaconda.org/conda-forge/noarch/isoduration-20.11.0-pyhd8ed1ab_0.tar.bz2#4cb68948e0b8429534380243d063a27a
https://conda.anaconda.org/conda-forge/noarch/jsonschema-4.22.0-pyhd8ed1ab_0.conda#b9661a4b1200d6bc7d8a4cdafdc91468
https://conda.anaconda.org/conda-forge/noarch/oauthlib-3.2.2-pyhd8ed1ab_0.tar.bz2#8f882b197fd9c4941a787926baea4868
https://conda.anaconda.org/conda-forge/noarch/pyopenssl-24.0.0-pyhd8ed1ab_0.conda#b50aec2c744a5c493c09cce9e2e7533e
https://conda.anaconda.org/conda-forge/noarch/certipy-0.1.3-py_0.tar.bz2#23486713ef5712923e7c57cae609b22e
https://conda.anaconda.org/conda-forge/noarch/ipykernel-6.29.3-pyhd33586a_0.conda#e0deff12c601ce5cb7476f93718f3168
https://conda.anaconda.org/conda-forge/noarch/ipywidgets-8.1.3-pyhd8ed1ab_0.conda#a1323654e9d87b16642ef02a03b98b32
https://conda.anaconda.org/conda-forge/noarch/jsonschema-with-format-nongpl-4.22.0-pyhd8ed1ab_0.conda#32ab666927ee17b9468c2c72bbd7ba1b
https://conda.anaconda.org/conda-forge/noarch/jupyter_telemetry-0.1.0-pyhd8ed1ab_1.tar.bz2#bb9ebdb6d5aa2622484aff1faceee181
https://conda.anaconda.org/conda-forge/noarch/nbformat-5.10.4-pyhd8ed1ab_0.conda#0b57b5368ab7fc7cdc9e3511fa867214
https://conda.anaconda.org/conda-forge/noarch/jupyter_events-0.10.0-pyhd8ed1ab_0.conda#ed45423c41b3da15ea1df39b1f80c2ca
https://conda.anaconda.org/conda-forge/noarch/jupyterhub-base-3.1.1-pyh2a2186d_0.conda#78fc5dfd4577a7ba172fa65eb64b6afb
https://conda.anaconda.org/conda-forge/noarch/nbclient-0.10.0-pyhd8ed1ab_0.conda#15b51397e0fe8ea7d7da60d83eb76ebc
https://conda.anaconda.org/conda-forge/noarch/nbconvert-core-7.16.4-pyhd8ed1ab_0.conda#43d9cd74e3950ab09cbddf36f1706b9f
https://conda.anaconda.org/conda-forge/noarch/jupyter_server-2.14.0-pyhd8ed1ab_0.conda#b82b9798563dea0cd8e4e3074227f04c
https://conda.anaconda.org/conda-forge/noarch/jupyter-lsp-2.2.5-pyhd8ed1ab_0.conda#885867f6adab3d7ecdf8ab6ca0785f51
https://conda.anaconda.org/conda-forge/noarch/jupyter-resource-usage-1.0.2-pyhd8ed1ab_0.conda#dec5f3f95c6bef50591d552d00c22c0c
https://conda.anaconda.org/conda-forge/noarch/jupyterlab_server-2.27.2-pyhd8ed1ab_0.conda#d1cb7b113daaadd89e5aa6a32b28bf0d
https://conda.anaconda.org/conda-forge/noarch/notebook-shim-0.2.4-pyhd8ed1ab_0.conda#3d85618e2c97ab896b5b5e298d32b5b3
https://conda.anaconda.org/conda-forge/noarch/jupyterlab-4.2.1-pyhd8ed1ab_0.conda#3e7290af6190b29c7017d6a8fb0eaeea
https://conda.anaconda.org/conda-forge/noarch/nbclassic-1.1.0-pyhd8ed1ab_0.conda#6275b55edf34cfa1f01ba40b699dd915
https://conda.anaconda.org/conda-forge/noarch/jupyterhub-singleuser-3.1.1-pyh2a2186d_0.conda#6d0a3394efe9ff7c0ad1ed03a6ca3720
https://conda.anaconda.org/conda-forge/noarch/notebook-6.5.7-pyha770c72_0.conda#f81a6fe643390df9347984644727d796
https://conda.anaconda.org/conda-forge/noarch/jupyter-offlinenotebook-0.2.2-pyh1d7be83_0.tar.bz2#fe55056ce4bc4bd4953ba440270735fb
