# AUTO GENERATED FROM environment.py-2.7.yml, DO NOT MANUALLY MODIFY
# Frozen on 2022-08-01 23:18:07 UTC
# Generated by conda-lock.
# platform: linux-64
# input_hash: 7beee4267691da3e6d80db0820d9671e9bc51feff7a943357b4a21783a8f7826
@EXPLICIT
https://conda.anaconda.org/conda-forge/linux-64/_libgcc_mutex-0.1-conda_forge.tar.bz2#d7c89558ba9fa0495403155b64376d81
https://conda.anaconda.org/conda-forge/linux-64/ca-certificates-2022.6.15-ha878542_0.tar.bz2#c320890f77fd1d617fa876e0982002c2
https://conda.anaconda.org/conda-forge/linux-64/ld_impl_linux-64-2.36.1-hea4e1c9_2.tar.bz2#bd4f2e711b39af170e7ff15163fe87ee
https://conda.anaconda.org/conda-forge/linux-64/libstdcxx-ng-12.1.0-ha89aaad_16.tar.bz2#6f5ba041a41eb102a1027d9e68731be7
https://conda.anaconda.org/conda-forge/linux-64/libgomp-12.1.0-h8d9b700_16.tar.bz2#f013cf7749536ce43d82afbffdf499ab
https://conda.anaconda.org/conda-forge/linux-64/_openmp_mutex-4.5-2_gnu.tar.bz2#73aaf86a425cc6e73fcf236a5a46396d
https://conda.anaconda.org/conda-forge/linux-64/libgcc-ng-12.1.0-h8d9b700_16.tar.bz2#4f05bc9844f7c101e6e147dab3c88d5c
https://conda.anaconda.org/conda-forge/linux-64/libffi-3.2.1-he1b5a44_1007.tar.bz2#11389072d7d6036fd811c3d9460475cd
https://conda.anaconda.org/conda-forge/linux-64/libsodium-1.0.17-h516909a_0.tar.bz2#a98437ebf6fbbc6e498c64636f3958cf
https://conda.anaconda.org/conda-forge/linux-64/libzlib-1.2.12-h166bdaf_2.tar.bz2#8302381297332ea50532cf2c67961080
https://conda.anaconda.org/conda-forge/linux-64/ncurses-6.3-h27087fc_1.tar.bz2#4acfc691e64342b9dae57cf2adc63238
https://conda.anaconda.org/conda-forge/linux-64/openssl-1.1.1q-h166bdaf_0.tar.bz2#07acc367c7fc8b716770cd5b36d31717
https://conda.anaconda.org/conda-forge/linux-64/readline-8.1.2-h0f457ee_0.tar.bz2#db2ebbe2943aae81ed051a6a9af8e0fa
https://conda.anaconda.org/conda-forge/linux-64/tk-8.6.12-h27826a3_0.tar.bz2#5b8c42eb62e9fc961af70bdd6a26e168
https://conda.anaconda.org/conda-forge/linux-64/zeromq-4.3.2-he1b5a44_2.tar.bz2#bc50a478e0d59f9a62ad164e7d768f63
https://conda.anaconda.org/conda-forge/linux-64/zlib-1.2.12-h166bdaf_2.tar.bz2#4533821485cde83ab12ff3d8bda83768
https://conda.anaconda.org/conda-forge/linux-64/sqlite-3.39.2-h4ff8645_0.tar.bz2#2cf5cb4cd116a78e639977eb61ad9987
https://conda.anaconda.org/conda-forge/linux-64/python-2.7.15-h5a48372_1011_cpython.tar.bz2#d1824ac0987155f58a03b7ffda01db38
https://conda.anaconda.org/conda-forge/noarch/backports-1.0-py_2.tar.bz2#0da16b293affa6ac31812376f8eb79dd
https://conda.anaconda.org/conda-forge/noarch/backports_abc-0.5-py_1.tar.bz2#6ac8cc52b55791b066dc43469bbaf8f2
https://conda.anaconda.org/conda-forge/noarch/decorator-4.4.2-py_0.tar.bz2#d2eabb9cabd212e1ec6a9463bd846243
https://conda.anaconda.org/conda-forge/noarch/ipython_genutils-0.2.0-py_1.tar.bz2#5071c982548b3a20caf70462f04f5287
https://conda.anaconda.org/conda-forge/noarch/ptyprocess-0.7.0-pyhd3deb0d_0.tar.bz2#359eeb6536da0e687af562ed265ec263
https://conda.anaconda.org/conda-forge/linux-64/python_abi-2.7-1_cp27mu.tar.bz2#02d6ad6bce3a798e6ee85494cd9b3d8d
https://conda.anaconda.org/conda-forge/noarch/simplegeneric-0.8.1-py_1.tar.bz2#a561caf8601e8d85547c77a54ee99333
https://conda.anaconda.org/conda-forge/noarch/six-1.16.0-pyh6c4a22f_0.tar.bz2#e5f25f8dbc060e9a8d912e432202afc2
https://conda.anaconda.org/conda-forge/noarch/wcwidth-0.1.9-pyh9f0ad1d_0.tar.bz2#ef10a99c7570762fa2a69218c171dbc8
https://conda.anaconda.org/conda-forge/noarch/wheel-0.37.1-pyhd8ed1ab_0.tar.bz2#1ca02aaf78d9c70d9a81a3bed5752022
https://conda.anaconda.org/conda-forge/noarch/backports.shutil_get_terminal_size-1.0.0-py_3.tar.bz2#ed3c4ce59b457c5fd7ca79b94c57eff4
https://conda.anaconda.org/conda-forge/linux-64/certifi-2019.11.28-py27h8c360ce_1.tar.bz2#a345324a2547908c1f9ca4b65d93f5ba
https://conda.anaconda.org/conda-forge/linux-64/configparser-3.7.3-py27h8c360ce_2.tar.bz2#fce87da76335c7274cb858745fded401
https://conda.anaconda.org/conda-forge/linux-64/enum34-1.1.10-py27h8c360ce_1.tar.bz2#0af4ab7b9189611125ba54d99163f58d
https://conda.anaconda.org/conda-forge/linux-64/futures-3.3.0-py27h8c360ce_1.tar.bz2#2689f3fc54d3987298828719b0244005
https://conda.anaconda.org/conda-forge/noarch/pexpect-4.8.0-pyh9f0ad1d_2.tar.bz2#5909e7b978141dd80d28dbf9de627827
https://conda.anaconda.org/conda-forge/noarch/python-dateutil-2.8.1-py_0.tar.bz2#0d0150ed9c2d25817f5324108d3f7571
https://conda.anaconda.org/conda-forge/linux-64/pyzmq-19.0.0-py27h76efe43_1.tar.bz2#0f578fd2966e4b2b910ffb3d39951645
https://conda.anaconda.org/conda-forge/linux-64/scandir-1.10.0-py27hdf8410d_1.tar.bz2#bfaf4b51772c5904b696ce7d68731397
https://conda.anaconda.org/conda-forge/noarch/singledispatch-3.6.1-pyh44b312d_0.tar.bz2#97dbbff78f872e5eb30a57c050cc4bba
https://conda.anaconda.org/conda-forge/linux-64/entrypoints-0.3-py27h8c360ce_1001.tar.bz2#60366d5225a69edbfcc71572b099ddde
https://conda.anaconda.org/conda-forge/linux-64/pathlib2-2.3.5-py27h8c360ce_1.tar.bz2#5334600914183898c9e7610d894e49e3
https://conda.anaconda.org/conda-forge/linux-64/setuptools-44.0.0-py27_0.tar.bz2#a1dcb0ca393c777d0611faf5b86602be
https://conda.anaconda.org/conda-forge/linux-64/tornado-5.1.1-py27h14c3975_1000.tar.bz2#adf3de0f4bc56b631b63e5b5dc0a8886
https://conda.anaconda.org/conda-forge/linux-64/traitlets-4.3.3-py27h8c360ce_1.tar.bz2#1e13e5ecf3cab787df71dc0c77563dce
https://conda.anaconda.org/conda-forge/linux-64/jupyter_core-4.6.3-py27h8c360ce_1.tar.bz2#1ea743b19d7f4e758b0a385fe9a1ef4b
https://conda.anaconda.org/conda-forge/linux-64/pickleshare-0.7.5-py27h8c360ce_1001.tar.bz2#93586047c34842372ae2c1ed5fc9edbf
https://conda.anaconda.org/conda-forge/noarch/pip-20.1.1-pyh9f0ad1d_0.tar.bz2#cd67a20c73ff2514cf5f34cae28fc867
https://conda.anaconda.org/conda-forge/noarch/pygments-2.5.2-py_0.tar.bz2#c48719b941c60b26add57de2b014ef96
https://conda.anaconda.org/conda-forge/linux-64/jupyter_client-5.3.4-py27_1.tar.bz2#ec6099141189dfae14367478d3e96fa9
https://conda.anaconda.org/conda-forge/noarch/prompt_toolkit-1.0.15-py_1.tar.bz2#f5bea0930b268df84653cb32c8d1542f
https://conda.anaconda.org/conda-forge/linux-64/ipython-5.8.0-py27_1.tar.bz2#b95b11ff25dde76c6fa0c5620a8e90ad
https://conda.anaconda.org/conda-forge/linux-64/ipykernel-4.8.2-py27_0.tar.bz2#18141b1342f87e1607c5b389c2c12a81
