# AUTO GENERATED FROM environment.py-3.6.yml, DO NOT MANUALLY MODIFY
# Frozen on 2022-10-19 21:47:36 UTC
# Generated by conda-lock.
# platform: linux-64
# input_hash: aac9cb6384302cd69df89b023dbff2a421c62827eee67cc263ec854c04c1c2a7
@EXPLICIT
https://conda.anaconda.org/conda-forge/linux-64/_libgcc_mutex-0.1-conda_forge.tar.bz2#d7c89558ba9fa0495403155b64376d81
https://conda.anaconda.org/conda-forge/linux-64/ca-certificates-2022.9.24-ha878542_0.tar.bz2#41e4e87062433e283696cf384f952ef6
https://conda.anaconda.org/conda-forge/linux-64/ld_impl_linux-64-2.39-hc81fddc_0.tar.bz2#c2719e2faa7bd7076d3a4b52271e5622
https://conda.anaconda.org/conda-forge/linux-64/libstdcxx-ng-12.2.0-h46fd767_18.tar.bz2#f19e96f96cc89617da02fed96f28974c
https://conda.anaconda.org/conda-forge/linux-64/libgomp-12.2.0-h65d4601_18.tar.bz2#51caef63c24f3b09810832df2751e6b1
https://conda.anaconda.org/conda-forge/linux-64/_openmp_mutex-4.5-2_gnu.tar.bz2#73aaf86a425cc6e73fcf236a5a46396d
https://conda.anaconda.org/conda-forge/linux-64/libgcc-ng-12.2.0-h65d4601_18.tar.bz2#b0c1965ee67430d0621d0912c8e61d4d
https://conda.anaconda.org/conda-forge/linux-64/icu-70.1-h27087fc_0.tar.bz2#87473a15119779e021c314249d4b4aed
https://conda.anaconda.org/conda-forge/linux-64/libffi-3.4.2-h7f98852_5.tar.bz2#d645c6d2ac96843a2bfaccd2d62b3ac3
https://conda.anaconda.org/conda-forge/linux-64/libnsl-2.0.0-h7f98852_0.tar.bz2#39b1328babf85c7c3a61636d9cd50206
https://conda.anaconda.org/conda-forge/linux-64/libsodium-1.0.18-h36c2ea0_1.tar.bz2#c3788462a6fbddafdb413a9f9053e58d
https://conda.anaconda.org/conda-forge/linux-64/libuv-1.44.2-h166bdaf_0.tar.bz2#e5cb4fe581a18ca2185a016eb848fc00
https://conda.anaconda.org/conda-forge/linux-64/libzlib-1.2.13-h166bdaf_4.tar.bz2#f3f9de449d32ca9b9c66a22863c96f41
https://conda.anaconda.org/conda-forge/linux-64/ncurses-6.3-h27087fc_1.tar.bz2#4acfc691e64342b9dae57cf2adc63238
https://conda.anaconda.org/conda-forge/linux-64/openssl-1.1.1q-h166bdaf_0.tar.bz2#07acc367c7fc8b716770cd5b36d31717
https://conda.anaconda.org/conda-forge/linux-64/xz-5.2.6-h166bdaf_0.tar.bz2#2161070d867d1b1204ea749c8eec4ef0
https://conda.anaconda.org/conda-forge/linux-64/libsqlite-3.39.4-h753d276_0.tar.bz2#978924c298fc2215f129e8171bbea688
https://conda.anaconda.org/conda-forge/linux-64/readline-8.1.2-h0f457ee_0.tar.bz2#db2ebbe2943aae81ed051a6a9af8e0fa
https://conda.anaconda.org/conda-forge/linux-64/tk-8.6.12-h27826a3_0.tar.bz2#5b8c42eb62e9fc961af70bdd6a26e168
https://conda.anaconda.org/conda-forge/linux-64/zeromq-4.3.4-h9c3ff4c_1.tar.bz2#21743a8d2ea0c8cfbbf8fe489b0347df
https://conda.anaconda.org/conda-forge/linux-64/zlib-1.2.13-h166bdaf_4.tar.bz2#4b11e365c0275b808be78b30f904e295
https://conda.anaconda.org/conda-forge/linux-64/nodejs-16.17.1-h96d913c_0.tar.bz2#fcbc226cf8fe316f6a31bb031eeb975b
https://conda.anaconda.org/conda-forge/linux-64/sqlite-3.39.4-h4ff8645_0.tar.bz2#643c271de2dd23ecbd107284426cebc2
https://conda.anaconda.org/conda-forge/linux-64/python-3.6.15-hb7a2778_0_cpython.tar.bz2#2263dbd2d8116aa8dd974602faabb1a2
https://conda.anaconda.org/conda-forge/noarch/backcall-0.2.0-pyh9f0ad1d_0.tar.bz2#6006a6d08a3fa99268a2681c7fb55213
https://conda.anaconda.org/conda-forge/noarch/backports-1.0-py_2.tar.bz2#0da16b293affa6ac31812376f8eb79dd
https://conda.anaconda.org/conda-forge/noarch/decorator-5.1.1-pyhd8ed1ab_0.tar.bz2#43afe5ab04e35e17ba28649471dd7364
https://conda.anaconda.org/conda-forge/noarch/entrypoints-0.4-pyhd8ed1ab_0.tar.bz2#3cf04868fee0a029769bd41f4b2fbf2d
https://conda.anaconda.org/conda-forge/noarch/ipython_genutils-0.2.0-py_1.tar.bz2#5071c982548b3a20caf70462f04f5287
https://conda.anaconda.org/conda-forge/noarch/nest-asyncio-1.5.6-pyhd8ed1ab_0.tar.bz2#7b868f21adde0d9b8b38f9c16836589b
https://conda.anaconda.org/conda-forge/noarch/parso-0.7.1-pyh9f0ad1d_0.tar.bz2#f66647d1ec805566d72ac26f62b19c01
https://conda.anaconda.org/conda-forge/noarch/pickleshare-0.7.5-py_1003.tar.bz2#415f0ebb6198cc2801c73438a9fb5761
https://conda.anaconda.org/conda-forge/noarch/ptyprocess-0.7.0-pyhd3deb0d_0.tar.bz2#359eeb6536da0e687af562ed265ec263
https://conda.anaconda.org/conda-forge/linux-64/python_abi-3.6-2_cp36m.tar.bz2#6f5b92d833a339da29ad8578c2a648ad
https://conda.anaconda.org/conda-forge/noarch/six-1.16.0-pyh6c4a22f_0.tar.bz2#e5f25f8dbc060e9a8d912e432202afc2
https://conda.anaconda.org/conda-forge/noarch/wheel-0.37.1-pyhd8ed1ab_0.tar.bz2#1ca02aaf78d9c70d9a81a3bed5752022
https://conda.anaconda.org/conda-forge/linux-64/jedi-0.17.2-py36h5fab9bb_1.tar.bz2#e761c2377eafa1268eda3dd192cb06cb
https://conda.anaconda.org/conda-forge/noarch/pexpect-4.8.0-pyh9f0ad1d_2.tar.bz2#5909e7b978141dd80d28dbf9de627827
https://conda.anaconda.org/conda-forge/noarch/python-dateutil-2.8.2-pyhd8ed1ab_0.tar.bz2#dd999d1cc9f79e67dbb855c8924c7984
https://conda.anaconda.org/conda-forge/linux-64/pyzmq-22.3.0-py36h7068817_0.tar.bz2#6bd5499ce1e61fde19e5ce8206569303
https://conda.anaconda.org/conda-forge/linux-64/setuptools-58.0.4-py36h5fab9bb_2.tar.bz2#d584b24af029d1fc78b6a0d2cc294d40
https://conda.anaconda.org/conda-forge/linux-64/tornado-6.1-py36h8f6f2f9_1.tar.bz2#3d19680e14cb7cf6f383ba1fd3a72f2c
https://conda.anaconda.org/conda-forge/noarch/traitlets-4.3.3-pyhd8ed1ab_2.tar.bz2#dacad0ee02418407a5991b0b62dfdc18
https://conda.anaconda.org/conda-forge/noarch/backports.functools_lru_cache-1.6.4-pyhd8ed1ab_0.tar.bz2#c5b3edc62d6309088f4970b3eaaa65a6
https://conda.anaconda.org/conda-forge/linux-64/jupyter_core-4.8.1-py36h5fab9bb_0.tar.bz2#a6fa892e9d37e4e299b426c8fdb6f1d6
https://conda.anaconda.org/conda-forge/noarch/pip-21.3.1-pyhd8ed1ab_0.tar.bz2#e4fe2a9af78ff11f1aced7e62128c6a8
https://conda.anaconda.org/conda-forge/noarch/pygments-2.13.0-pyhd8ed1ab_0.tar.bz2#9f478e8eedd301008b5f395bad0caaed
https://conda.anaconda.org/conda-forge/noarch/jupyter_client-7.1.2-pyhd8ed1ab_0.tar.bz2#9a332b6f8f05629435ce59032df8cfa9
https://conda.anaconda.org/conda-forge/noarch/wcwidth-0.2.5-pyh9f0ad1d_2.tar.bz2#5266fcd697043c59621fda522b3d78ee
https://conda.anaconda.org/conda-forge/noarch/prompt-toolkit-3.0.31-pyha770c72_0.tar.bz2#94fee21afe199936bc361608e537cd11
https://conda.anaconda.org/conda-forge/linux-64/ipython-7.16.1-py36he448a4c_2.tar.bz2#ac605247c1149f7b275a4bcf9fa0de41
https://conda.anaconda.org/conda-forge/linux-64/ipykernel-5.5.5-py36hcb3619a_0.tar.bz2#595507013916992bbd551005bfa96bbf
