# AUTO GENERATED FROM environment.py-3.6.yml, DO NOT MANUALLY MODIFY
# Frozen on 2021-03-03 11:00:53 UTC
# platform: linux-64
# env_hash: 7e46311fb9705730ffebbaf89b8f9d7da823b47c71a7b5ec994515801417c0a6
@EXPLICIT
https://conda.anaconda.org/conda-forge/linux-64/_libgcc_mutex-0.1-conda_forge.tar.bz2#d7c89558ba9fa0495403155b64376d81
https://conda.anaconda.org/conda-forge/linux-64/ca-certificates-2020.12.5-ha878542_0.tar.bz2#7eb5d4ffeee663caa1635cd67071bc1b
https://conda.anaconda.org/conda-forge/linux-64/ld_impl_linux-64-2.35.1-hea4e1c9_2.tar.bz2#83610dba766a186bdc7a116053b782a4
https://conda.anaconda.org/conda-forge/linux-64/libstdcxx-ng-9.3.0-h6de172a_18.tar.bz2#2f03cd1e5c966d4af5822c7ae089ab03
https://conda.anaconda.org/conda-forge/linux-64/pandoc-2.11.4-h7f98852_0.tar.bz2#1c827fa4db40e5e92c2619ba8fe30500
https://conda.anaconda.org/conda-forge/linux-64/libgomp-9.3.0-h2828fa1_18.tar.bz2#fc7a2a7e6a741c8afdd764715ac7039d
https://conda.anaconda.org/conda-forge/linux-64/_openmp_mutex-4.5-1_gnu.tar.bz2#561e277319a41d4f24f5c05a9ef63c04
https://conda.anaconda.org/conda-forge/linux-64/libgcc-ng-9.3.0-h2828fa1_18.tar.bz2#5a9490c49a3505a6d19bda012cde6ad3
https://conda.anaconda.org/conda-forge/linux-64/c-ares-1.17.1-h36c2ea0_0.tar.bz2#1aa683618a2df66800d568409d6841d1
https://conda.anaconda.org/conda-forge/linux-64/libev-4.33-h516909a_1.tar.bz2#6f8720dff19e17ce5d48cfe7f3d2f0a3
https://conda.anaconda.org/conda-forge/linux-64/libffi-3.3-h58526e2_2.tar.bz2#665369991d8dd290ac5ee92fce3e6bf5
https://conda.anaconda.org/conda-forge/linux-64/libsodium-1.0.18-h516909a_1.tar.bz2#e1ca1a4b82f7b51b29318f80cebae84a
https://conda.anaconda.org/conda-forge/linux-64/ncurses-6.2-h58526e2_4.tar.bz2#509f2a21c4a09214cd737a480dfd80c9
https://conda.anaconda.org/conda-forge/linux-64/openssl-1.1.1j-h7f98852_0.tar.bz2#f91545bee2ac8cf86f1dc53e55a7bb2b
https://conda.anaconda.org/conda-forge/linux-64/xz-5.2.5-h516909a_1.tar.bz2#33f601066901f3e1a85af3522a8113f9
https://conda.anaconda.org/conda-forge/linux-64/zlib-1.2.11-h516909a_1010.tar.bz2#339cc5584e6d26bc73a875ba900028c3
https://conda.anaconda.org/conda-forge/linux-64/libedit-3.1.20191231-he28a2e2_2.tar.bz2#4d331e44109e3f0e19b4cb8f9b82f3e1
https://conda.anaconda.org/conda-forge/linux-64/libnghttp2-1.43.0-h812cca2_0.tar.bz2#1867d1e9658596b3fac8847a7702eef4
https://conda.anaconda.org/conda-forge/linux-64/libssh2-1.9.0-hab1572f_5.tar.bz2#18aaa1bd2238ae2b5e89591046973123
https://conda.anaconda.org/conda-forge/linux-64/readline-8.0-he28a2e2_2.tar.bz2#4d0ae8d473f863696088f76800ef9d38
https://conda.anaconda.org/conda-forge/linux-64/tk-8.6.10-hed695b0_1.tar.bz2#7ef837cd455bd0f19f49b8b62d4cb568
https://conda.anaconda.org/conda-forge/linux-64/zeromq-4.3.4-h9c3ff4c_0.tar.bz2#9105c7da67ebfb39ff08e2a8ea72bb71
https://conda.anaconda.org/conda-forge/linux-64/krb5-1.17.2-h926e7f8_0.tar.bz2#926325c11478d6e781e76072c117763b
https://conda.anaconda.org/conda-forge/linux-64/sqlite-3.34.0-h74cdb3f_0.tar.bz2#0a83e21e8c1929cc9a1e21ebb2459fc5
https://conda.anaconda.org/conda-forge/linux-64/libcurl-7.71.1-hcdd3856_8.tar.bz2#2c81fb9f0d82c04b08617fc73eb615af
https://conda.anaconda.org/conda-forge/linux-64/python-3.6.13-hffdb5ce_0_cpython.tar.bz2#575e65ac9386755d3b9fd70f20dc1e37
https://conda.anaconda.org/conda-forge/noarch/async_generator-1.10-py_0.tar.bz2#d56c596e61b1c4952acf0a9920856c12
https://conda.anaconda.org/conda-forge/noarch/attrs-20.3.0-pyhd3deb0d_0.tar.bz2#5b319abb055eefcfa344bc21378ca23f
https://conda.anaconda.org/conda-forge/noarch/backcall-0.2.0-pyh9f0ad1d_0.tar.bz2#6006a6d08a3fa99268a2681c7fb55213
https://conda.anaconda.org/conda-forge/linux-64/backports-1.0-py36_1.tar.bz2#0e8774f348e40cdc512fee62fb202f7b
https://conda.anaconda.org/conda-forge/noarch/blinker-1.4-py_1.tar.bz2#fa509a09190583f869ae442bf4d17f5f
https://conda.anaconda.org/conda-forge/linux-64/dataclasses-0.7-py36_0.tar.bz2#bca29a8377c61afb4ac23fff58a4b48e
https://conda.anaconda.org/conda-forge/noarch/decorator-4.4.2-py_0.tar.bz2#d2eabb9cabd212e1ec6a9463bd846243
https://conda.anaconda.org/conda-forge/noarch/defusedxml-0.6.0-py_0.tar.bz2#37e1033daee0e2edaa5ff42584c52b21
https://conda.anaconda.org/conda-forge/noarch/idna-2.10-pyh9f0ad1d_0.tar.bz2#f95a12b4f435aae6680fe55ae2eb1b06
https://conda.anaconda.org/conda-forge/linux-64/ipython_genutils-0.2.0-py36_0.tar.bz2#80794c9ad52d72002687dc91222b31ba
https://conda.anaconda.org/conda-forge/noarch/json5-0.9.5-pyh9f0ad1d_0.tar.bz2#10759827a94e6b14996e81fb002c0bda
https://conda.anaconda.org/conda-forge/noarch/jupyterlab_widgets-1.0.0-pyhd8ed1ab_1.tar.bz2#f8da92114c8fbe1d951b0efaf54dd14b
https://conda.anaconda.org/conda-forge/noarch/nest-asyncio-1.4.3-pyhd8ed1ab_0.tar.bz2#a1f2fda4d88c624810bf2029aa4c0827
https://conda.anaconda.org/conda-forge/noarch/pamela-1.0.0-py_0.tar.bz2#36f6f18d2f3ae0c93d77a9dbedad08c3
https://conda.anaconda.org/conda-forge/linux-64/pandocfilters-1.4.2-py36_0.tar.bz2#26be51dcfe88655e156b2441843ffd3a
https://conda.anaconda.org/conda-forge/noarch/parso-0.7.1-pyh9f0ad1d_0.tar.bz2#f66647d1ec805566d72ac26f62b19c01
https://conda.anaconda.org/conda-forge/noarch/prometheus_client-0.9.0-pyhd3deb0d_0.tar.bz2#c7af95daf5bae22ead34151e0ab9d041
https://conda.anaconda.org/conda-forge/noarch/ptyprocess-0.7.0-pyhd3deb0d_0.tar.bz2#359eeb6536da0e687af562ed265ec263
https://conda.anaconda.org/conda-forge/noarch/pycparser-2.20-pyh9f0ad1d_2.tar.bz2#aa798d50ffd182a0f6f31478c7f434f6
https://conda.anaconda.org/conda-forge/noarch/pyjwt-2.0.1-pyhd8ed1ab_0.tar.bz2#26f66f0c7433806ffde00a166e044f03
https://conda.anaconda.org/conda-forge/noarch/pyparsing-2.4.7-pyh9f0ad1d_0.tar.bz2#626c4f20d5bf06dcec9cf2eaa31725c7
https://conda.anaconda.org/conda-forge/noarch/python-editor-1.0.4-py_0.tar.bz2#eaaf29a0644f9407f98a4665f45880c4
https://conda.anaconda.org/conda-forge/noarch/python-json-logger-2.0.1-pyh9f0ad1d_0.tar.bz2#aed452f2f9f8bc8b2b0c412975051b5b
https://conda.anaconda.org/conda-forge/linux-64/python_abi-3.6-1_cp36m.tar.bz2#7f3681b01bd688b48bfbdae483b2918f
https://conda.anaconda.org/conda-forge/noarch/pytz-2021.1-pyhd8ed1ab_0.tar.bz2#3af2e9424d5eb0063824a3f9b850d411
https://conda.anaconda.org/conda-forge/noarch/send2trash-1.5.0-py_0.tar.bz2#c3779037a635e1150f1c53c28b875949
https://conda.anaconda.org/conda-forge/noarch/six-1.15.0-pyh9f0ad1d_0.tar.bz2#1eec421f0f1f39e579e44e4a5ce646a2
https://conda.anaconda.org/conda-forge/noarch/testpath-0.4.4-py_0.tar.bz2#3b98fff4d5342bebde2ecaa314f796f9
https://conda.anaconda.org/conda-forge/noarch/typing_extensions-3.7.4.3-py_0.tar.bz2#12b96e382730541a4b332420227055ae
https://conda.anaconda.org/conda-forge/noarch/webencodings-0.5.1-py_1.tar.bz2#3563be4c5611a44210d9ba0c16113136
https://conda.anaconda.org/conda-forge/noarch/wheel-0.36.2-pyhd3deb0d_0.tar.bz2#768bfbe026426d0e76b377997d1f2b98
https://conda.anaconda.org/conda-forge/noarch/zipp-3.4.0-py_0.tar.bz2#0df927d2e46244cef8fd75d7ec2ba51c
https://conda.anaconda.org/conda-forge/noarch/babel-2.9.0-pyhd3deb0d_0.tar.bz2#1cb532c9a6fd4e56a9f0906b87c17b76
https://conda.anaconda.org/conda-forge/linux-64/certifi-2020.12.5-py36h5fab9bb_1.tar.bz2#da529031bd8882eff7d72484661c1b83
https://conda.anaconda.org/conda-forge/linux-64/cffi-1.14.5-py36hc120d54_0.tar.bz2#f49c72aeb497efcd918217d142ddfc9c
https://conda.anaconda.org/conda-forge/linux-64/chardet-4.0.0-py36h5fab9bb_1.tar.bz2#b63c63a44b8d37acaff014df8a512d92
https://conda.anaconda.org/conda-forge/linux-64/entrypoints-0.3-py36h9f0ad1d_1002.tar.bz2#3ff18a1ed2e93fb739b97b3669dcaf89
https://conda.anaconda.org/conda-forge/linux-64/immutables-0.15-py36h8f6f2f9_0.tar.bz2#9f5767abe2f02d4bf73a7896a8f26790
https://conda.anaconda.org/conda-forge/linux-64/importlib-metadata-3.7.0-py36h5fab9bb_0.tar.bz2#94e3c0dbdc39706a500686e60b582f2e
https://conda.anaconda.org/conda-forge/linux-64/jedi-0.17.2-py36h9f0ad1d_1.tar.bz2#7aa1974ca53aa6f662c4e24a15f495b9
https://conda.anaconda.org/conda-forge/linux-64/markupsafe-1.1.1-py36h8f6f2f9_3.tar.bz2#4471d6eaa07fcc4dd1f2e0e6cc8e54bf
https://conda.anaconda.org/conda-forge/linux-64/mistune-0.8.4-py36h8f6f2f9_1003.tar.bz2#8066d080821a7ce04c73c12e25232abb
https://conda.anaconda.org/conda-forge/noarch/packaging-20.9-pyh44b312d_0.tar.bz2#be69a38e912054a62dc82cc3c7711a64
https://conda.anaconda.org/conda-forge/linux-64/pexpect-4.8.0-py36h9f0ad1d_1.tar.bz2#7fde8ab34b9254a5c8fb8004f7c649cb
https://conda.anaconda.org/conda-forge/linux-64/pickleshare-0.7.5-py36h9f0ad1d_1002.tar.bz2#8fa70e047f8c6e1b8c014d0f52f8d8db
https://conda.anaconda.org/conda-forge/linux-64/psutil-5.8.0-py36h8f6f2f9_1.tar.bz2#ccecd9206d61f029549a81a980174ed8
https://conda.anaconda.org/conda-forge/linux-64/pycurl-7.43.0.6-py36h66a4f8d_1.tar.bz2#1542cc5009adbdee5ab946c4d053db42
https://conda.anaconda.org/conda-forge/linux-64/pyrsistent-0.17.3-py36h8f6f2f9_2.tar.bz2#26db670368942d4a144cad213448496a
https://conda.anaconda.org/conda-forge/linux-64/pysocks-1.7.1-py36h5fab9bb_3.tar.bz2#4dfb9be0b2975bc7933f32c6db7af205
https://conda.anaconda.org/conda-forge/noarch/python-dateutil-2.8.1-py_0.tar.bz2#0d0150ed9c2d25817f5324108d3f7571
https://conda.anaconda.org/conda-forge/linux-64/pyzmq-22.0.3-py36h7068817_1.tar.bz2#cd37021a13c54c0af47fd586bb0b5ce2
https://conda.anaconda.org/conda-forge/linux-64/ruamel.yaml.clib-0.2.2-py36h8f6f2f9_2.tar.bz2#20b17ae368cb09dd5609203ad3eaf122
https://conda.anaconda.org/conda-forge/linux-64/sqlalchemy-1.3.23-py36h8f6f2f9_0.tar.bz2#9bf4ee3e800c785d8a56e6fc8c0f5c3f
https://conda.anaconda.org/conda-forge/linux-64/tornado-6.1-py36h8f6f2f9_1.tar.bz2#3d19680e14cb7cf6f383ba1fd3a72f2c
https://conda.anaconda.org/conda-forge/linux-64/traitlets-4.3.3-py36h9f0ad1d_1.tar.bz2#37802414836e8c0594873aaf656ace5d
https://conda.anaconda.org/conda-forge/linux-64/argon2-cffi-20.1.0-py36h8f6f2f9_2.tar.bz2#63fee45eaa9ecec8d66c9ec4422ab6e7
https://conda.anaconda.org/conda-forge/linux-64/brotlipy-0.7.0-py36he6145b8_1001.tar.bz2#49563e14138ee2a2e1028ab4aa6a7ee3
https://conda.anaconda.org/conda-forge/noarch/contextvars-2.4-py_0.tar.bz2#295fe9300971a6bd1dc4b18ad6509be2
https://conda.anaconda.org/conda-forge/linux-64/cryptography-3.4.4-py36hc39840e_0.tar.bz2#1d52019f43929c309a5836ff8c976d1d
https://conda.anaconda.org/conda-forge/noarch/importlib_metadata-3.7.0-hd8ed1ab_0.tar.bz2#d9eb59a3cafc09132ea0932247a20e39
https://conda.anaconda.org/conda-forge/linux-64/jupyter_core-4.7.1-py36h5fab9bb_0.tar.bz2#aa9e4c495b8d1ae2c3e8812007539573
https://conda.anaconda.org/conda-forge/noarch/mako-1.1.4-pyh44b312d_0.tar.bz2#1b618b99d151e88ba0fabff9fa2b2d0b
https://conda.anaconda.org/conda-forge/linux-64/setuptools-49.6.0-py36h5fab9bb_3.tar.bz2#0e5930ee136de4ecef3640f50b3037a2
https://conda.anaconda.org/conda-forge/linux-64/terminado-0.9.2-py36h5fab9bb_0.tar.bz2#26786124a962922243896ae9a5a955cf
https://conda.anaconda.org/conda-forge/noarch/alembic-1.5.5-pyhd8ed1ab_0.tar.bz2#e75d3f582e77f87bc5e38fd25c861724
https://conda.anaconda.org/conda-forge/noarch/backports.functools_lru_cache-1.6.1-py_0.tar.bz2#d36df15eaef96549ce6231e3088fba54
https://conda.anaconda.org/conda-forge/noarch/bleach-3.3.0-pyh44b312d_0.tar.bz2#abf6b76c39358ca36ca706c46f054f2a
https://conda.anaconda.org/conda-forge/noarch/jinja2-2.11.3-pyh44b312d_0.tar.bz2#1d4c3605d85a3655b1595e0694138eb6
https://conda.anaconda.org/conda-forge/linux-64/jsonschema-3.2.0-py36h9f0ad1d_1.tar.bz2#eefe83ff43117f8af6d4641d1bc9fce6
https://conda.anaconda.org/conda-forge/noarch/jupyter_client-6.1.11-pyhd8ed1ab_1.tar.bz2#0fcd80df6d4e0558754c39453ffa3110
https://conda.anaconda.org/conda-forge/noarch/oauthlib-3.0.1-py_0.tar.bz2#faaf2a8fd1cddecbf1818fcf0ed3a3b6
https://conda.anaconda.org/conda-forge/noarch/pip-21.0.1-pyhd8ed1ab_0.tar.bz2#849477e10d78cbc283c78fd53bfbb567
https://conda.anaconda.org/conda-forge/noarch/pygments-2.8.0-pyhd8ed1ab_0.tar.bz2#226cd14ba0554ca2648fecd11090f473
https://conda.anaconda.org/conda-forge/noarch/pyopenssl-20.0.1-pyhd8ed1ab_0.tar.bz2#92371c25994d0f5d28a01c1fb75ebf86
https://conda.anaconda.org/conda-forge/linux-64/ruamel.yaml-0.16.12-py36h8f6f2f9_2.tar.bz2#e980d13ee345aae26356a4c9d6cd4864
https://conda.anaconda.org/conda-forge/linux-64/sniffio-1.2.0-py36h5fab9bb_1.tar.bz2#43c550017bd3ffea3cbc9669617b71eb
https://conda.anaconda.org/conda-forge/linux-64/anyio-2.2.0-py36h5fab9bb_0.tar.bz2#4bda0899d558eb963cfd7aae821ce0f8
https://conda.anaconda.org/conda-forge/noarch/certipy-0.1.3-py_0.tar.bz2#23486713ef5712923e7c57cae609b22e
https://conda.anaconda.org/conda-forge/noarch/jupyter_telemetry-0.1.0-pyhd8ed1ab_1.tar.bz2#bb9ebdb6d5aa2622484aff1faceee181
https://conda.anaconda.org/conda-forge/noarch/jupyterlab_pygments-0.1.2-pyh9f0ad1d_0.tar.bz2#2cbd910890bb328e8959246a1e16fac7
https://conda.anaconda.org/conda-forge/noarch/nbformat-5.1.2-pyhd8ed1ab_1.tar.bz2#9633dbb668ac1f9266427672816899dc
https://conda.anaconda.org/conda-forge/noarch/urllib3-1.26.3-pyhd8ed1ab_0.tar.bz2#25573e57774dd54cfa848e5dd44503ed
https://conda.anaconda.org/conda-forge/noarch/wcwidth-0.2.5-pyh9f0ad1d_2.tar.bz2#5266fcd697043c59621fda522b3d78ee
https://conda.anaconda.org/conda-forge/noarch/nbclient-0.5.3-pyhd8ed1ab_0.tar.bz2#67f12831640fde52fe9be1bbc6b699e7
https://conda.anaconda.org/conda-forge/noarch/prompt-toolkit-3.0.16-pyha770c72_0.tar.bz2#1a7cec3da4a94cd23d3de4155bff4941
https://conda.anaconda.org/conda-forge/noarch/requests-2.25.1-pyhd3deb0d_0.tar.bz2#ae687aba31a1c400192a86a2e993ffdc
https://conda.anaconda.org/conda-forge/linux-64/ipython-7.16.1-py36he448a4c_2.tar.bz2#ac605247c1149f7b275a4bcf9fa0de41
https://conda.anaconda.org/conda-forge/linux-64/jupyterhub-base-1.3.0-py36h5fab9bb_1.tar.bz2#60084f2af6c2e19cd171ef2581154054
https://conda.anaconda.org/conda-forge/linux-64/nbconvert-6.0.7-py36h5fab9bb_3.tar.bz2#30f571d5b9a389f49b1d54a0e38871bc
https://conda.anaconda.org/conda-forge/linux-64/ipykernel-5.5.0-py36he448a4c_1.tar.bz2#1c9d870d3321d7ca094718cd86aed13f
https://conda.anaconda.org/conda-forge/linux-64/jupyter_server-1.4.1-py36h5fab9bb_0.tar.bz2#1e21544a02c4a6eb7922f68d699003ef
https://conda.anaconda.org/conda-forge/noarch/jupyterlab_server-2.3.0-pyhd8ed1ab_0.tar.bz2#e1ab43655ba7ede6917e2daa37c7b217
https://conda.anaconda.org/conda-forge/linux-64/notebook-6.2.0-py36h5fab9bb_0.tar.bz2#dd975bbce2b30c7c026cda0e4d38e119
https://conda.anaconda.org/conda-forge/noarch/jupyter-offlinenotebook-0.2.1-pyhd8ed1ab_0.tar.bz2#5e0974a4547a2b82667f65a6498c4145
https://conda.anaconda.org/conda-forge/noarch/jupyter-resource-usage-0.5.1-pyhd8ed1ab_0.tar.bz2#b776d2ff20c535f74e27207267c6641a
https://conda.anaconda.org/conda-forge/linux-64/jupyterhub-singleuser-1.3.0-py36h5fab9bb_1.tar.bz2#55e14ee66710dd10e3c0caea10ffa16c
https://conda.anaconda.org/conda-forge/noarch/nbclassic-0.2.6-pyhd8ed1ab_0.tar.bz2#49be35e31b49012ea91fcd667ebdf4ad
https://conda.anaconda.org/conda-forge/noarch/nteract_on_jupyter-2.1.3-py_0.tar.bz2#1430ccd983ae6b161e2fbf4377965f7a
https://conda.anaconda.org/conda-forge/linux-64/widgetsnbextension-3.5.1-py36h9f0ad1d_4.tar.bz2#220ccea910bb1ab8deacaf31519e6f5f
https://conda.anaconda.org/conda-forge/noarch/ipywidgets-7.6.3-pyhd3deb0d_0.tar.bz2#536a9ed6d9e740f2b83d1a3c388e4388
https://conda.anaconda.org/conda-forge/noarch/jupyterlab-3.0.7-pyhd8ed1ab_0.tar.bz2#127cb0160dcd6efedfc1614a4a36fdcc
