# AUTO GENERATED FROM environment.py-3.8.yml, DO NOT MANUALLY MODIFY
# Frozen on 2023-06-08 09:34:32 UTC
# Generated by conda-lock.
# platform: linux-aarch64
# input_hash: bb8e2c652ed0692214e36534ac1aca1721beb437a821806ce3796ced5c45ab54
@EXPLICIT
https://conda.anaconda.org/conda-forge/linux-aarch64/ca-certificates-2023.5.7-hcefe29a_0.conda#331e624442b88d96bc05a7f2d38c61a4
https://conda.anaconda.org/conda-forge/linux-aarch64/ld_impl_linux-aarch64-2.40-h2d8c526_0.conda#16246d69e945d0b1969a6099e7c5d457
https://conda.anaconda.org/conda-forge/linux-aarch64/libgomp-13.1.0-h2b4548d_0.conda#eb95b60cbf85783b0fdd3fab2d8c320f
https://conda.anaconda.org/conda-forge/linux-aarch64/libstdcxx-ng-13.1.0-h452befe_0.conda#572f5798bb3d4cc79650f0ca3149aeaa
https://conda.anaconda.org/conda-forge/linux-aarch64/pandoc-2.19.2-h8af1aa0_2.conda#210300d4fbbc7935c22d0e5281665dd4
https://conda.anaconda.org/conda-forge/linux-aarch64/python_abi-3.8-3_cp38.conda#61d5220a1049944310bea1c189a31088
https://conda.anaconda.org/conda-forge/linux-aarch64/_openmp_mutex-4.5-2_gnu.tar.bz2#6168d71addc746e8f2b8d57dfd2edcea
https://conda.anaconda.org/conda-forge/linux-aarch64/libgcc-ng-13.1.0-h2b4548d_0.conda#02619409d02932e28d694144b509597d
https://conda.anaconda.org/conda-forge/linux-aarch64/bzip2-1.0.8-hf897c2e_4.tar.bz2#2d787570a729e273a4e75775ddf3348a
https://conda.anaconda.org/conda-forge/linux-aarch64/icu-72.1-hcf00150_0.conda#cd394213b2f8c9c9060a293a8508fe84
https://conda.anaconda.org/conda-forge/linux-aarch64/libbrotlicommon-1.0.9-h4e544f5_8.tar.bz2#3cedc3935cfaa2a5303daa25fb12cb1d
https://conda.anaconda.org/conda-forge/linux-aarch64/libffi-3.4.2-h3557bc0_5.tar.bz2#dddd85f4d52121fab0a8b099c5e06501
https://conda.anaconda.org/conda-forge/linux-aarch64/libnsl-2.0.0-hf897c2e_0.tar.bz2#36fdbc05c9d9145ece86f5a63c3f352e
https://conda.anaconda.org/conda-forge/linux-aarch64/libsodium-1.0.18-hb9de7d4_1.tar.bz2#d09ab3c60eebb6f14eb4d07e172775cc
https://conda.anaconda.org/conda-forge/linux-aarch64/libuuid-2.38.1-hb4cce97_0.conda#000e30b09db0b7c775b21695dff30969
https://conda.anaconda.org/conda-forge/linux-aarch64/libuv-1.44.2-h4e544f5_0.tar.bz2#58b9dbd5d4bd100e278c3d7e1976f566
https://conda.anaconda.org/conda-forge/linux-aarch64/libzlib-1.2.13-h4e544f5_4.tar.bz2#88596b6277fe6d39f046983aae6044db
https://conda.anaconda.org/conda-forge/linux-aarch64/ncurses-6.4-h2e1726e_0.conda#40beaf447150c2760affc591c7509595
https://conda.anaconda.org/conda-forge/linux-aarch64/openssl-3.1.1-h31becfc_1.conda#a8e811c3390d93e5db0cef68e52f349f
https://conda.anaconda.org/conda-forge/linux-aarch64/xz-5.2.6-h9cdd2b7_0.tar.bz2#83baad393a31d59c20b63ba4da6592df
https://conda.anaconda.org/conda-forge/linux-aarch64/yaml-0.2.5-hf897c2e_2.tar.bz2#b853307650cb226731f653aa623936a4
https://conda.anaconda.org/conda-forge/linux-aarch64/libbrotlidec-1.0.9-h4e544f5_8.tar.bz2#319956380b383ec9f6a46d585599c028
https://conda.anaconda.org/conda-forge/linux-aarch64/libbrotlienc-1.0.9-h4e544f5_8.tar.bz2#56a0a025208af24e2b43b2bbeee79802
https://conda.anaconda.org/conda-forge/linux-aarch64/libsqlite-3.42.0-h194ca79_0.conda#5fc895d5063af554f24a7eb69faff054
https://conda.anaconda.org/conda-forge/linux-aarch64/readline-8.2-h8fc344f_1.conda#105eb1e16bf83bfb2eb380a48032b655
https://conda.anaconda.org/conda-forge/linux-aarch64/tk-8.6.12-hd8af866_0.tar.bz2#7894e82ff743bd96c76585ddebe28e2a
https://conda.anaconda.org/conda-forge/linux-aarch64/zeromq-4.3.4-h01db608_1.tar.bz2#dd56c9ce3f1f689a5e71941830349279
https://conda.anaconda.org/conda-forge/linux-aarch64/zlib-1.2.13-h4e544f5_4.tar.bz2#dc8395f4a79bb0b13ca7d855c72482d4
https://conda.anaconda.org/conda-forge/linux-aarch64/brotli-bin-1.0.9-h4e544f5_8.tar.bz2#0980429a0148a53edd0f1f207ec28a39
https://conda.anaconda.org/conda-forge/linux-aarch64/nodejs-18.15.0-hcab9400_1.conda#6eb6bbe830779c71d36a0b595acd439b
https://conda.anaconda.org/conda-forge/linux-aarch64/python-3.8.15-ha43d526_1_cpython.conda#3f7a9731db09e23ef13e37e73886b666
https://conda.anaconda.org/conda-forge/noarch/aiofiles-22.1.0-pyhd8ed1ab_0.tar.bz2#a88c206fdb78e34adb1c4081f5f838dd
https://conda.anaconda.org/conda-forge/noarch/async_generator-1.10-py_0.tar.bz2#d56c596e61b1c4952acf0a9920856c12
https://conda.anaconda.org/conda-forge/noarch/attrs-23.1.0-pyh71513ae_1.conda#3edfead7cedd1ab4400a6c588f3e75f8
https://conda.anaconda.org/conda-forge/noarch/backcall-0.2.0-pyh9f0ad1d_0.tar.bz2#6006a6d08a3fa99268a2681c7fb55213
https://conda.anaconda.org/conda-forge/noarch/backports-1.0-pyhd8ed1ab_3.conda#54ca2e08b3220c148a1d8329c2678e02
https://conda.anaconda.org/conda-forge/noarch/blinker-1.6.2-pyhd8ed1ab_0.conda#2fb79ec81bad9492b6d59a06b3b647a4
https://conda.anaconda.org/conda-forge/linux-aarch64/brotli-1.0.9-h4e544f5_8.tar.bz2#259d82bd990ba225508389509634b157
https://conda.anaconda.org/conda-forge/noarch/certifi-2023.5.7-pyhd8ed1ab_0.conda#5d1b71c942b8421285934dad1d891ebc
https://conda.anaconda.org/conda-forge/noarch/charset-normalizer-3.1.0-pyhd8ed1ab_0.conda#7fcff9f6f123696e940bda77bd4d6551
https://conda.anaconda.org/conda-forge/linux-aarch64/debugpy-1.6.7-py38h31bd7b8_0.conda#bb801f8807f418fae4d82cdb2c660bf8
https://conda.anaconda.org/conda-forge/noarch/decorator-5.1.1-pyhd8ed1ab_0.tar.bz2#43afe5ab04e35e17ba28649471dd7364
https://conda.anaconda.org/conda-forge/noarch/defusedxml-0.7.1-pyhd8ed1ab_0.tar.bz2#961b3a227b437d82ad7054484cfa71b2
https://conda.anaconda.org/conda-forge/noarch/entrypoints-0.4-pyhd8ed1ab_0.tar.bz2#3cf04868fee0a029769bd41f4b2fbf2d
https://conda.anaconda.org/conda-forge/noarch/exceptiongroup-1.1.1-pyhd8ed1ab_0.conda#7312299d7a0ea4993159229b7d2dceb2
https://conda.anaconda.org/conda-forge/noarch/executing-1.2.0-pyhd8ed1ab_0.tar.bz2#4c1bc140e2be5c8ba6e3acab99e25c50
https://conda.anaconda.org/conda-forge/noarch/flit-core-3.9.0-pyhd8ed1ab_0.conda#e8cfceef004266b259604c3faa2a0191
https://conda.anaconda.org/conda-forge/linux-aarch64/greenlet-2.0.2-py38hb83fbf6_1.conda#0ea35ccde6a0056c9c1b9a2d99aec1b7
https://conda.anaconda.org/conda-forge/noarch/idna-3.4-pyhd8ed1ab_0.tar.bz2#34272b248891bddccc64479f9a7fffed
https://conda.anaconda.org/conda-forge/noarch/ipython_genutils-0.2.0-py_1.tar.bz2#5071c982548b3a20caf70462f04f5287
https://conda.anaconda.org/conda-forge/noarch/json5-0.9.5-pyh9f0ad1d_0.tar.bz2#10759827a94e6b14996e81fb002c0bda
https://conda.anaconda.org/conda-forge/noarch/jupyterlab_widgets-3.0.7-pyhd8ed1ab_1.conda#0c0a54e16b764bafcae35913cc9d60ff
https://conda.anaconda.org/conda-forge/linux-aarch64/markupsafe-2.1.3-py38hea3b116_0.conda#39f64bab8c1eedec920c0053b3ba8987
https://conda.anaconda.org/conda-forge/noarch/mistune-2.0.5-pyhd8ed1ab_0.conda#61a07195cfc935f1c1901d8ecf4af441
https://conda.anaconda.org/conda-forge/noarch/nest-asyncio-1.5.6-pyhd8ed1ab_0.tar.bz2#7b868f21adde0d9b8b38f9c16836589b
https://conda.anaconda.org/conda-forge/noarch/packaging-23.1-pyhd8ed1ab_0.conda#91cda59e66e1e4afe9476f8ef98f5c30
https://conda.anaconda.org/conda-forge/noarch/pamela-1.0.0-py_0.tar.bz2#36f6f18d2f3ae0c93d77a9dbedad08c3
https://conda.anaconda.org/conda-forge/noarch/pandocfilters-1.5.0-pyhd8ed1ab_0.tar.bz2#457c2c8c08e54905d6954e79cb5b5db9
https://conda.anaconda.org/conda-forge/noarch/parso-0.8.3-pyhd8ed1ab_0.tar.bz2#17a565a0c3899244e938cdf417e7b094
https://conda.anaconda.org/conda-forge/noarch/pickleshare-0.7.5-py_1003.tar.bz2#415f0ebb6198cc2801c73438a9fb5761
https://conda.anaconda.org/conda-forge/noarch/pkgutil-resolve-name-1.3.10-pyhd8ed1ab_0.tar.bz2#89e3c7cdde7d3aaa2aee933b604dd07f
https://conda.anaconda.org/conda-forge/noarch/prometheus_client-0.17.0-pyhd8ed1ab_0.conda#95c5be3c7cbd872509d16c216617fdab
https://conda.anaconda.org/conda-forge/linux-aarch64/psutil-5.9.5-py38hda48048_0.conda#92de755f28f9efd397ecc3a796e0aa71
https://conda.anaconda.org/conda-forge/noarch/ptyprocess-0.7.0-pyhd3deb0d_0.tar.bz2#359eeb6536da0e687af562ed265ec263
https://conda.anaconda.org/conda-forge/noarch/pure_eval-0.2.2-pyhd8ed1ab_0.tar.bz2#6784285c7e55cb7212efabc79e4c2883
https://conda.anaconda.org/conda-forge/noarch/pycparser-2.21-pyhd8ed1ab_0.tar.bz2#076becd9e05608f8dc72757d5f3a91ff
https://conda.anaconda.org/conda-forge/noarch/pygments-2.15.1-pyhd8ed1ab_0.conda#d316679235612869eba305aa7d41d9bf
https://conda.anaconda.org/conda-forge/noarch/pyjwt-2.7.0-pyhd8ed1ab_0.conda#99e28be5a278e2319834d7dc99e7bfdd
https://conda.anaconda.org/conda-forge/linux-aarch64/pyrsistent-0.19.3-py38hd5eba46_0.conda#b60f143a897b82a1a54b25e030502217
https://conda.anaconda.org/conda-forge/noarch/pysocks-1.7.1-pyha2e5f31_6.tar.bz2#2a7de29fb590ca14b5243c4c812c8025
https://conda.anaconda.org/conda-forge/noarch/python-fastjsonschema-2.17.1-pyhd8ed1ab_0.conda#dd4f393d857e9283eef2442234bd05e3
https://conda.anaconda.org/conda-forge/noarch/python-json-logger-2.0.7-pyhd8ed1ab_0.conda#a61bf9ec79426938ff785eb69dbb1960
https://conda.anaconda.org/conda-forge/noarch/pytz-2023.3-pyhd8ed1ab_0.conda#d3076b483092a435832603243567bc31
https://conda.anaconda.org/conda-forge/linux-aarch64/pyyaml-6.0-py38hdacc76a_5.tar.bz2#243d2518e51e40dc66fde2dd85a8459d
https://conda.anaconda.org/conda-forge/linux-aarch64/pyzmq-25.1.0-py38h6a3a231_0.conda#37d1dabbc3b712bd8e4a2c61dde58370
https://conda.anaconda.org/conda-forge/noarch/rfc3986-validator-0.1.1-pyh9f0ad1d_0.tar.bz2#912a71cc01012ee38e6b90ddd561e36f
https://conda.anaconda.org/conda-forge/linux-aarch64/ruamel.yaml.clib-0.2.7-py38hda48048_1.conda#0c48b738ee78083aab440dc39c967828
https://conda.anaconda.org/conda-forge/noarch/send2trash-1.8.2-pyh41d4057_0.conda#ada5a17adcd10be4fc7e37e4166ba0e2
https://conda.anaconda.org/conda-forge/noarch/setuptools-67.7.2-pyhd8ed1ab_0.conda#3b68bc43ec6baa48f7354a446267eefe
https://conda.anaconda.org/conda-forge/noarch/six-1.16.0-pyh6c4a22f_0.tar.bz2#e5f25f8dbc060e9a8d912e432202afc2
https://conda.anaconda.org/conda-forge/noarch/sniffio-1.3.0-pyhd8ed1ab_0.tar.bz2#dd6cbc539e74cb1f430efbd4575b9303
https://conda.anaconda.org/conda-forge/noarch/soupsieve-2.3.2.post1-pyhd8ed1ab_0.tar.bz2#146f4541d643d48fc8a75cacf69f03ae
https://conda.anaconda.org/conda-forge/noarch/tomli-2.0.1-pyhd8ed1ab_0.tar.bz2#5844808ffab9ebdb694585b50ba02a96
https://conda.anaconda.org/conda-forge/linux-aarch64/tornado-6.3.2-py38hea3b116_0.conda#7640e1f8d8b8b4213011af9e5203e1f5
https://conda.anaconda.org/conda-forge/noarch/traitlets-5.9.0-pyhd8ed1ab_0.conda#d0b4f5c87cd35ac3fb3d47b223263a64
https://conda.anaconda.org/conda-forge/noarch/typing_extensions-4.6.3-pyha770c72_0.conda#4a3014a4d107d15475d106b751c4e352
https://conda.anaconda.org/conda-forge/noarch/webencodings-0.5.1-py_1.tar.bz2#3563be4c5611a44210d9ba0c16113136
https://conda.anaconda.org/conda-forge/noarch/websocket-client-1.5.2-pyhd8ed1ab_0.conda#bfe7e7cd1476092f51efbcde15dfb110
https://conda.anaconda.org/conda-forge/noarch/wheel-0.40.0-pyhd8ed1ab_0.conda#49bb0d9e60ce1db25e151780331bb5f3
https://conda.anaconda.org/conda-forge/noarch/widgetsnbextension-4.0.7-pyhd8ed1ab_0.conda#bcc54b91a8ce88f60f538b87b409909e
https://conda.anaconda.org/conda-forge/linux-aarch64/y-py-0.5.9-py38hb6b4038_0.conda#85d8f2099743288cefc070127b58270e
https://conda.anaconda.org/conda-forge/noarch/zipp-3.15.0-pyhd8ed1ab_0.conda#13018819ca8f5b7cc675a8faf1f5fedf
https://conda.anaconda.org/conda-forge/noarch/anyio-3.7.0-pyhd8ed1ab_1.conda#2b35a85d654a47aac8f34c1bb6de7142
https://conda.anaconda.org/conda-forge/noarch/asttokens-2.2.1-pyhd8ed1ab_0.conda#bf7f54dd0f25c3f06ecb82a07341841a
https://conda.anaconda.org/conda-forge/noarch/babel-2.12.1-pyhd8ed1ab_1.conda#ac432e732804a81ddcf29c92ead57cde
https://conda.anaconda.org/conda-forge/noarch/backports.functools_lru_cache-1.6.4-pyhd8ed1ab_0.tar.bz2#c5b3edc62d6309088f4970b3eaaa65a6
https://conda.anaconda.org/conda-forge/noarch/beautifulsoup4-4.12.2-pyha770c72_0.conda#a362ff7d976217f8fa78c0f1c4f59717
https://conda.anaconda.org/conda-forge/noarch/bleach-6.0.0-pyhd8ed1ab_0.conda#d48b143d01385872a88ef8417e96c30e
https://conda.anaconda.org/conda-forge/linux-aarch64/cffi-1.15.1-py38h6989fa8_3.conda#4c419b6bb1c2b9db5733c693b5b5f6c3
https://conda.anaconda.org/conda-forge/noarch/comm-0.1.3-pyhd8ed1ab_0.conda#168ae0f82cdf7505048e81054c7354e4
https://conda.anaconda.org/conda-forge/noarch/importlib-metadata-6.6.0-pyha770c72_0.conda#f91a5d5175fb7ff2a91952ec7da59cb9
https://conda.anaconda.org/conda-forge/noarch/importlib_resources-5.12.0-pyhd8ed1ab_0.conda#e5fd2260a231ee63b6969f4801082f2b
https://conda.anaconda.org/conda-forge/noarch/jedi-0.18.2-pyhd8ed1ab_0.conda#b5e695ef9c3f0d27d6cd96bf5adc9e07
https://conda.anaconda.org/conda-forge/noarch/jinja2-3.1.2-pyhd8ed1ab_1.tar.bz2#c8490ed5c70966d232fdd389d0dbed37
https://conda.anaconda.org/conda-forge/noarch/jupyterlab_pygments-0.2.2-pyhd8ed1ab_0.tar.bz2#243f63592c8e449f40cd42eb5cf32f40
https://conda.anaconda.org/conda-forge/noarch/matplotlib-inline-0.1.6-pyhd8ed1ab_0.tar.bz2#b21613793fcc81d944c76c9f2864a7de
https://conda.anaconda.org/conda-forge/noarch/pexpect-4.8.0-pyh1a96a4e_2.tar.bz2#330448ce4403cc74990ac07c555942a1
https://conda.anaconda.org/conda-forge/noarch/pip-23.1.2-pyhd8ed1ab_0.conda#7288da0d36821349cf1126e8670292df
https://conda.anaconda.org/conda-forge/noarch/python-dateutil-2.8.2-pyhd8ed1ab_0.tar.bz2#dd999d1cc9f79e67dbb855c8924c7984
https://conda.anaconda.org/conda-forge/noarch/rfc3339-validator-0.1.4-pyhd8ed1ab_0.tar.bz2#fed45fc5ea0813240707998abe49f520
https://conda.anaconda.org/conda-forge/linux-aarch64/ruamel.yaml-0.17.31-py38h9579f32_0.conda#039b5f7ab2a8ead8512061cc06e362cb
https://conda.anaconda.org/conda-forge/noarch/terminado-0.17.1-pyh41d4057_0.conda#3788984d535770cad699efaeb6cb3037
https://conda.anaconda.org/conda-forge/noarch/tinycss2-1.2.1-pyhd8ed1ab_0.tar.bz2#7234c9eefff659501cd2fe0d2ede4d48
https://conda.anaconda.org/conda-forge/noarch/typing-extensions-4.6.3-hd8ed1ab_0.conda#3876f650ed7d0f95d70fa4b647621909
https://conda.anaconda.org/conda-forge/noarch/urllib3-2.0.3-pyhd8ed1ab_0.conda#ae465d0fbf9f1979cb2d8d4043d885e2
https://conda.anaconda.org/conda-forge/noarch/aiosqlite-0.19.0-pyhd8ed1ab_0.conda#c60a47f9f29057417165a8af579396a8
https://conda.anaconda.org/conda-forge/linux-aarch64/argon2-cffi-bindings-21.2.0-py38hdacc76a_3.tar.bz2#064e83c4f397cf342681eeac12e85b8b
https://conda.anaconda.org/conda-forge/linux-aarch64/cryptography-41.0.1-py38h72e9872_0.conda#fd1a5cb7829e728576bc53360dc55a42
https://conda.anaconda.org/conda-forge/noarch/importlib_metadata-6.6.0-hd8ed1ab_0.conda#3cbc9615f10a3d471532b83e4250b971
https://conda.anaconda.org/conda-forge/noarch/jsonschema-4.17.3-pyhd8ed1ab_0.conda#723268a468177cd44568eb8f794e0d80
https://conda.anaconda.org/conda-forge/noarch/mako-1.2.4-pyhd8ed1ab_0.tar.bz2#0d072f0edc017b6318dbab701e053f94
https://conda.anaconda.org/conda-forge/noarch/platformdirs-3.5.1-pyhd8ed1ab_0.conda#e2be672aece1f060adf7154f76531a35
https://conda.anaconda.org/conda-forge/noarch/requests-2.31.0-pyhd8ed1ab_0.conda#a30144e4156cdbb236f99ebb49828f8b
https://conda.anaconda.org/conda-forge/linux-aarch64/sqlalchemy-2.0.15-py38hea3b116_0.conda#76e0e1b06968f423c3ad7fd0eb84481f
https://conda.anaconda.org/conda-forge/noarch/stack_data-0.6.2-pyhd8ed1ab_0.conda#e7df0fdd404616638df5ece6e69ba7af
https://conda.anaconda.org/conda-forge/noarch/wcwidth-0.2.6-pyhd8ed1ab_0.conda#078979d33523cb477bd1916ce41aacc9
https://conda.anaconda.org/conda-forge/noarch/alembic-1.11.1-pyhd8ed1ab_0.conda#6a55e123397b42b79c48b31d1b7a91b8
https://conda.anaconda.org/conda-forge/noarch/argon2-cffi-21.3.0-pyhd8ed1ab_0.tar.bz2#a0b402db58f73aaab8ee0ca1025a362e
https://conda.anaconda.org/conda-forge/linux-aarch64/jupyter_core-5.3.0-py38he3eb160_0.conda#56e532ee05b0355e9156f1baf8d6780c
https://conda.anaconda.org/conda-forge/noarch/jupyter_events-0.6.3-pyhd8ed1ab_0.conda#d98c5196ab6ffeb0c2feca2912801353
https://conda.anaconda.org/conda-forge/noarch/jupyter_telemetry-0.1.0-pyhd8ed1ab_1.tar.bz2#bb9ebdb6d5aa2622484aff1faceee181
https://conda.anaconda.org/conda-forge/noarch/jupyter_ydoc-0.2.4-pyhd8ed1ab_0.conda#be5d4633c1cc40343ed417153a184006
https://conda.anaconda.org/conda-forge/noarch/oauthlib-3.2.2-pyhd8ed1ab_0.tar.bz2#8f882b197fd9c4941a787926baea4868
https://conda.anaconda.org/conda-forge/noarch/prompt-toolkit-3.0.38-pyha770c72_0.conda#59ba1bf8ea558751a0d391249a248765
https://conda.anaconda.org/conda-forge/noarch/pyopenssl-23.2.0-pyhd8ed1ab_1.conda#34f7d568bf59d18e3fef8c405cbece21
https://conda.anaconda.org/conda-forge/noarch/ypy-websocket-0.8.2-pyhd8ed1ab_0.conda#5ee5ad3af20138020065985de57f0711
https://conda.anaconda.org/conda-forge/noarch/certipy-0.1.3-py_0.tar.bz2#23486713ef5712923e7c57cae609b22e
https://conda.anaconda.org/conda-forge/noarch/jupyter_client-8.2.0-pyhd8ed1ab_0.conda#58ca2d50c3b27b86fd7df62eaadbf9a9
https://conda.anaconda.org/conda-forge/noarch/nbformat-5.9.0-pyhd8ed1ab_0.conda#f525a01528c3eba1d381a232a6971c6a
https://conda.anaconda.org/conda-forge/noarch/prompt_toolkit-3.0.38-hd8ed1ab_0.conda#45b74f64d8808eda7e6f6e6b1d641fd2
https://conda.anaconda.org/conda-forge/noarch/ipython-8.12.2-pyh41d4057_0.conda#acebfd89278ecac2a67b60b657e00d5c
https://conda.anaconda.org/conda-forge/noarch/jupyterhub-base-3.1.1-pyh2a2186d_0.conda#78fc5dfd4577a7ba172fa65eb64b6afb
https://conda.anaconda.org/conda-forge/noarch/nbclient-0.8.0-pyhd8ed1ab_0.conda#e78da91cf428faaf05701ce8cc8f2f9b
https://conda.anaconda.org/conda-forge/noarch/ipykernel-6.23.1-pyh210e3f2_0.conda#4b57b688e22d094d1479a35543c18e93
https://conda.anaconda.org/conda-forge/noarch/nbconvert-core-7.4.0-pyhd8ed1ab_0.conda#4456e6030a8309bdad57569b0170b6a3
https://conda.anaconda.org/conda-forge/noarch/ipywidgets-8.0.6-pyhd8ed1ab_0.conda#68627a08556e4a273e4c7bfc84251457
https://conda.anaconda.org/conda-forge/noarch/jupyter_server-1.23.6-pyhd8ed1ab_0.conda#5016f7c6845a6efd270fcee63af9a2a0
https://conda.anaconda.org/conda-forge/noarch/nbconvert-pandoc-7.4.0-pyhd8ed1ab_0.conda#127c702e1b1eff595be82bc6a78cfce0
https://conda.anaconda.org/conda-forge/noarch/jupyter-resource-usage-0.7.1-pyhd8ed1ab_0.conda#62ed54dc748d19d0cf056a3f90cc8f12
https://conda.anaconda.org/conda-forge/noarch/jupyter_server_fileid-0.9.0-pyhd8ed1ab_0.conda#a12525b037a703d7f4512da737d700e6
https://conda.anaconda.org/conda-forge/noarch/jupyterlab_server-2.22.1-pyhd8ed1ab_0.conda#fc7172a6742a7c3c4331ddd7ed463ffc
https://conda.anaconda.org/conda-forge/noarch/nbconvert-7.4.0-pyhd8ed1ab_0.conda#a86727968b41c20dd3d73b91632e77dc
https://conda.anaconda.org/conda-forge/noarch/notebook-shim-0.2.3-pyhd8ed1ab_0.conda#67e0fe74c156267d9159e9133df7fd37
https://conda.anaconda.org/conda-forge/noarch/jupyter_server_ydoc-0.8.0-pyhd8ed1ab_0.conda#780280d42fbcb2eaf654a6ba7a3e5bb5
https://conda.anaconda.org/conda-forge/noarch/nbclassic-1.0.0-pyhb4ecaf3_1.conda#a0be31e9bd84d6eae87cdbf74c56b90b
https://conda.anaconda.org/conda-forge/noarch/notebook-6.5.4-pyha770c72_0.conda#ec4ce3ce0a55ce21b6f5b86049b97af9
https://conda.anaconda.org/conda-forge/noarch/jupyter-offlinenotebook-0.2.2-pyh1d7be83_0.tar.bz2#fe55056ce4bc4bd4953ba440270735fb
https://conda.anaconda.org/conda-forge/noarch/jupyterlab-3.6.4-pyhd8ed1ab_0.conda#e66d4a6e36fcc92fe266932bf85fd35a
https://conda.anaconda.org/conda-forge/noarch/jupyterhub-singleuser-3.1.1-pyh2a2186d_0.conda#6d0a3394efe9ff7c0ad1ed03a6ca3720
