# AUTO GENERATED FROM environment.py-3.5.yml, DO NOT MANUALLY MODIFY
# Frozen on 2022-10-19 21:47:21 UTC
# Generated by conda-lock.
# platform: linux-64
# input_hash: 5e67628f0d80d6e200dd1127691b37055a025a304825adeb3971fb9aa0a65380
@EXPLICIT
https://conda.anaconda.org/conda-forge/linux-64/_libgcc_mutex-0.1-conda_forge.tar.bz2#d7c89558ba9fa0495403155b64376d81
https://conda.anaconda.org/conda-forge/linux-64/ca-certificates-2022.9.24-ha878542_0.tar.bz2#41e4e87062433e283696cf384f952ef6
https://conda.anaconda.org/conda-forge/linux-64/libstdcxx-ng-12.2.0-h46fd767_18.tar.bz2#f19e96f96cc89617da02fed96f28974c
https://conda.anaconda.org/conda-forge/linux-64/libgomp-12.2.0-h65d4601_18.tar.bz2#51caef63c24f3b09810832df2751e6b1
https://conda.anaconda.org/conda-forge/linux-64/_openmp_mutex-4.5-2_gnu.tar.bz2#73aaf86a425cc6e73fcf236a5a46396d
https://conda.anaconda.org/conda-forge/linux-64/libgcc-ng-12.2.0-h65d4601_18.tar.bz2#b0c1965ee67430d0621d0912c8e61d4d
https://conda.anaconda.org/conda-forge/linux-64/bzip2-1.0.8-h7f98852_4.tar.bz2#a1fd65c7ccbf10880423d82bca54eb54
https://conda.anaconda.org/conda-forge/linux-64/libffi-3.2.1-he1b5a44_1007.tar.bz2#11389072d7d6036fd811c3d9460475cd
https://conda.anaconda.org/conda-forge/linux-64/libsodium-1.0.16-h14c3975_1001.tar.bz2#ced60a46d0184a4b8fbb216722bd91c0
https://conda.anaconda.org/conda-forge/linux-64/libzlib-1.2.13-h166bdaf_4.tar.bz2#f3f9de449d32ca9b9c66a22863c96f41
https://conda.anaconda.org/conda-forge/linux-64/ncurses-6.3-h27087fc_1.tar.bz2#4acfc691e64342b9dae57cf2adc63238
https://conda.anaconda.org/conda-forge/linux-64/nodejs-12.4.0-he1b5a44_0.tar.bz2#9e3c46b801019188df71c34f07b55dfc
https://conda.anaconda.org/conda-forge/linux-64/openssl-1.0.2u-h516909a_0.tar.bz2#e9043fbb5bb2c4a2b41a37e05d2ec2ec
https://conda.anaconda.org/conda-forge/linux-64/xz-5.2.6-h166bdaf_0.tar.bz2#2161070d867d1b1204ea749c8eec4ef0
https://conda.anaconda.org/conda-forge/linux-64/readline-7.0-hf8c457e_1001.tar.bz2#ba9f8093574f89e5efc3e775ecc0d7d8
https://conda.anaconda.org/conda-forge/linux-64/tk-8.6.12-h27826a3_0.tar.bz2#5b8c42eb62e9fc961af70bdd6a26e168
https://conda.anaconda.org/conda-forge/linux-64/zeromq-4.2.5-hf484d3e_1006.tar.bz2#6acac9bf7fdf284af8b35b721db3163c
https://conda.anaconda.org/conda-forge/linux-64/zlib-1.2.13-h166bdaf_4.tar.bz2#4b11e365c0275b808be78b30f904e295
https://conda.anaconda.org/conda-forge/linux-64/sqlite-3.28.0-h8b20d00_0.tar.bz2#2a7f1449b2aae6d661d37cd83d0c24c1
https://conda.anaconda.org/conda-forge/linux-64/python-3.5.5-h5001a0f_2.tar.bz2#a9c4f6c48d65beccac705556d2ea5474
https://conda.anaconda.org/conda-forge/noarch/backcall-0.2.0-pyh9f0ad1d_0.tar.bz2#6006a6d08a3fa99268a2681c7fb55213
https://conda.anaconda.org/conda-forge/noarch/backports-1.0-py_2.tar.bz2#0da16b293affa6ac31812376f8eb79dd
https://conda.anaconda.org/conda-forge/linux-64/certifi-2018.8.24-py35_1001.tar.bz2#37f7bb014549f8013d141fa3427b7cc0
https://conda.anaconda.org/conda-forge/noarch/decorator-5.1.1-pyhd8ed1ab_0.tar.bz2#43afe5ab04e35e17ba28649471dd7364
https://conda.anaconda.org/conda-forge/noarch/ipython_genutils-0.2.0-py_1.tar.bz2#5071c982548b3a20caf70462f04f5287
https://conda.anaconda.org/conda-forge/noarch/parso-0.7.1-pyh9f0ad1d_0.tar.bz2#f66647d1ec805566d72ac26f62b19c01
https://conda.anaconda.org/conda-forge/noarch/pickleshare-0.7.5-py_1003.tar.bz2#415f0ebb6198cc2801c73438a9fb5761
https://conda.anaconda.org/conda-forge/noarch/ptyprocess-0.7.0-pyhd3deb0d_0.tar.bz2#359eeb6536da0e687af562ed265ec263
https://conda.anaconda.org/conda-forge/linux-64/pyzmq-17.1.2-py35hae99301_0.tar.bz2#b9688c0716645c32241557e18f9bdabd
https://conda.anaconda.org/conda-forge/noarch/simplegeneric-0.8.1-py_1.tar.bz2#a561caf8601e8d85547c77a54ee99333
https://conda.anaconda.org/conda-forge/noarch/six-1.16.0-pyh6c4a22f_0.tar.bz2#e5f25f8dbc060e9a8d912e432202afc2
https://conda.anaconda.org/conda-forge/linux-64/tornado-5.1.1-py35h470a237_0.tar.bz2#d1b6c4a92af5357a38c27c00efa7f9d2
https://conda.anaconda.org/conda-forge/noarch/wheel-0.37.1-pyhd8ed1ab_0.tar.bz2#1ca02aaf78d9c70d9a81a3bed5752022
https://conda.anaconda.org/conda-forge/linux-64/jedi-0.12.1-py35_0.tar.bz2#6f8df5a66dca8db2cb6365c27bbc3fa3
https://conda.anaconda.org/conda-forge/noarch/pexpect-4.8.0-pyh9f0ad1d_2.tar.bz2#5909e7b978141dd80d28dbf9de627827
https://conda.anaconda.org/conda-forge/noarch/python-dateutil-2.8.1-py_0.tar.bz2#0d0150ed9c2d25817f5324108d3f7571
https://conda.anaconda.org/conda-forge/linux-64/setuptools-40.4.3-py35_0.tar.bz2#a83a3eeb1f4acee8685ef7304a91fd0d
https://conda.anaconda.org/conda-forge/linux-64/traitlets-4.3.2-py35_0.tar.bz2#06799fc3e8e50edae3b4443fd275fe56
https://conda.anaconda.org/conda-forge/noarch/backports.functools_lru_cache-1.6.1-py_0.tar.bz2#d36df15eaef96549ce6231e3088fba54
https://conda.anaconda.org/conda-forge/noarch/jupyter_core-4.5.0-py_0.tar.bz2#60f600f78785026fe169769b76ff435f
https://conda.anaconda.org/conda-forge/noarch/pip-20.3.4-pyhd8ed1ab_0.tar.bz2#a9f505dda2243420dc8e8681cda95be8
https://conda.anaconda.org/conda-forge/noarch/pygments-2.10.0-pyhd8ed1ab_0.tar.bz2#32bcce837f1316f1c3208118b6c5e5fc
https://conda.anaconda.org/conda-forge/noarch/jupyter_client-5.3.3-py_0.tar.bz2#4cf7d68dbb2e7e2ddde4f962e25f2c22
https://conda.anaconda.org/conda-forge/noarch/wcwidth-0.2.5-pyh9f0ad1d_2.tar.bz2#5266fcd697043c59621fda522b3d78ee
https://conda.anaconda.org/conda-forge/noarch/prompt_toolkit-2.0.10-py_0.tar.bz2#c8a3c45045f32e31c2f1273a8cc5dda2
https://conda.anaconda.org/conda-forge/linux-64/ipython-7.0.1-py35h24bf2e0_0.tar.bz2#7932cde87d0ed3822541265dbc61c841
https://conda.anaconda.org/conda-forge/linux-64/ipykernel-4.10.0-py35_1.tar.bz2#b93007e034984579cca8f02af9a8de17
