# AUTO GENERATED FROM environment.py-3.8.yml, DO NOT MANUALLY MODIFY
# Frozen on 2021-10-06 07:34:05 UTC
# Generated by conda-lock.
# platform: linux-64
# input_hash: 1b7425281a129eb07cc2888bb7bfdd4a31be1be59d16df223bea0e704dc4af4b
@EXPLICIT
https://conda.anaconda.org/conda-forge/linux-64/_libgcc_mutex-0.1-conda_forge.tar.bz2#d7c89558ba9fa0495403155b64376d81
https://conda.anaconda.org/conda-forge/linux-64/ca-certificates-2021.5.30-ha878542_0.tar.bz2#6a777890e94194dc94a29a76d2a7e721
https://conda.anaconda.org/conda-forge/linux-64/ld_impl_linux-64-2.36.1-hea4e1c9_2.tar.bz2#bd4f2e711b39af170e7ff15163fe87ee
https://conda.anaconda.org/conda-forge/linux-64/libstdcxx-ng-11.2.0-he4da1e4_9.tar.bz2#a41b94921f55a353a8bbf5bb8d5ca335
https://conda.anaconda.org/conda-forge/linux-64/pandoc-2.14.2-h7f98852_0.tar.bz2#036a4ef13793d1bd771090b49c4c2550
https://conda.anaconda.org/conda-forge/linux-64/libgomp-11.2.0-h1d223b6_9.tar.bz2#1090e28709184ec3d2f6ad6abd55fa31
https://conda.anaconda.org/conda-forge/linux-64/_openmp_mutex-4.5-1_gnu.tar.bz2#561e277319a41d4f24f5c05a9ef63c04
https://conda.anaconda.org/conda-forge/linux-64/libgcc-ng-11.2.0-h1d223b6_9.tar.bz2#84b1ec6f5b2d21968add479348515bba
https://conda.anaconda.org/conda-forge/linux-64/c-ares-1.17.2-h7f98852_0.tar.bz2#a25871010e5104556045aa01850fbddf
https://conda.anaconda.org/conda-forge/linux-64/libev-4.33-h516909a_1.tar.bz2#6f8720dff19e17ce5d48cfe7f3d2f0a3
https://conda.anaconda.org/conda-forge/linux-64/libffi-3.4.2-h9c3ff4c_4.tar.bz2#dea515312db9d4788e52c2edfc657635
https://conda.anaconda.org/conda-forge/linux-64/libsodium-1.0.18-h36c2ea0_1.tar.bz2#c3788462a6fbddafdb413a9f9053e58d
https://conda.anaconda.org/conda-forge/linux-64/libzlib-1.2.11-h36c2ea0_1013.tar.bz2#dcddf696ff5dfcab567100d691678e18
https://conda.anaconda.org/conda-forge/linux-64/ncurses-6.2-h58526e2_4.tar.bz2#509f2a21c4a09214cd737a480dfd80c9
https://conda.anaconda.org/conda-forge/linux-64/openssl-1.1.1l-h7f98852_0.tar.bz2#de7b38a1542dbe6f41653a8ae71adc53
https://conda.anaconda.org/conda-forge/linux-64/xz-5.2.5-h516909a_1.tar.bz2#33f601066901f3e1a85af3522a8113f9
https://conda.anaconda.org/conda-forge/linux-64/libedit-3.1.20191231-he28a2e2_2.tar.bz2#4d331e44109e3f0e19b4cb8f9b82f3e1
https://conda.anaconda.org/conda-forge/linux-64/readline-8.1-h46c0cb4_0.tar.bz2#5788de3c8d7a7d64ac56c784c4ef48e6
https://conda.anaconda.org/conda-forge/linux-64/zeromq-4.3.4-h9c3ff4c_1.tar.bz2#21743a8d2ea0c8cfbbf8fe489b0347df
https://conda.anaconda.org/conda-forge/linux-64/zlib-1.2.11-h36c2ea0_1013.tar.bz2#cf7190238072a41e9579e4476a6a60b8
https://conda.anaconda.org/conda-forge/linux-64/libnghttp2-1.43.0-h812cca2_1.tar.bz2#d0a7846b7b3b8fb0d8b36904a53b8155
https://conda.anaconda.org/conda-forge/linux-64/libssh2-1.10.0-ha56f1ee_2.tar.bz2#6ab4eaa11ff01801cffca0a27489dc04
https://conda.anaconda.org/conda-forge/linux-64/sqlite-3.36.0-h9cd32fc_2.tar.bz2#3588c2c6cb9f9bcc65b544ab1c715d60
https://conda.anaconda.org/conda-forge/linux-64/tk-8.6.11-h27826a3_1.tar.bz2#84e76fb280e735fec1efd2d21fd9cb27
https://conda.anaconda.org/conda-forge/linux-64/krb5-1.19.2-hcc1bbae_2.tar.bz2#2094cf6b08a571cecf7fa332152e6461
https://conda.anaconda.org/conda-forge/linux-64/python-3.8.12-hb7a2778_1_cpython.tar.bz2#775bb3a23a9b1b529e0cd06bd0091adf
https://conda.anaconda.org/conda-forge/noarch/async_generator-1.10-py_0.tar.bz2#d56c596e61b1c4952acf0a9920856c12
https://conda.anaconda.org/conda-forge/noarch/attrs-21.2.0-pyhd8ed1ab_0.tar.bz2#d2e1c7f388ac403df7079b411c37cc50
https://conda.anaconda.org/conda-forge/noarch/backcall-0.2.0-pyh9f0ad1d_0.tar.bz2#6006a6d08a3fa99268a2681c7fb55213
https://conda.anaconda.org/conda-forge/noarch/backports-1.0-py_2.tar.bz2#0da16b293affa6ac31812376f8eb79dd
https://conda.anaconda.org/conda-forge/noarch/blinker-1.4-py_1.tar.bz2#fa509a09190583f869ae442bf4d17f5f
https://conda.anaconda.org/conda-forge/noarch/charset-normalizer-2.0.0-pyhd8ed1ab_0.tar.bz2#4a57e24d5b759893615c05926b7b5fb9
https://conda.anaconda.org/conda-forge/noarch/decorator-5.1.0-pyhd8ed1ab_0.tar.bz2#71b13ba2e0efcff45646f05d619534b0
https://conda.anaconda.org/conda-forge/noarch/defusedxml-0.7.1-pyhd8ed1ab_0.tar.bz2#961b3a227b437d82ad7054484cfa71b2
https://conda.anaconda.org/conda-forge/noarch/idna-3.1-pyhd3deb0d_0.tar.bz2#9c9aea4b8391264477df484f798562d0
https://conda.anaconda.org/conda-forge/noarch/ipython_genutils-0.2.0-py_1.tar.bz2#5071c982548b3a20caf70462f04f5287
https://conda.anaconda.org/conda-forge/noarch/json5-0.9.5-pyh9f0ad1d_0.tar.bz2#10759827a94e6b14996e81fb002c0bda
https://conda.anaconda.org/conda-forge/noarch/jupyterlab_widgets-1.0.2-pyhd8ed1ab_0.tar.bz2#eaff56fe28d1236076aa3bb13c35b434
https://conda.anaconda.org/conda-forge/linux-64/libcurl-7.79.1-h2574ce0_1.tar.bz2#7df45d44314d8ed15453dbe9f6c125db
https://conda.anaconda.org/conda-forge/noarch/nest-asyncio-1.5.1-pyhd8ed1ab_0.tar.bz2#47a51a5b8f9cc41004c8d7bd88b62447
https://conda.anaconda.org/conda-forge/noarch/pamela-1.0.0-py_0.tar.bz2#36f6f18d2f3ae0c93d77a9dbedad08c3
https://conda.anaconda.org/conda-forge/noarch/pandocfilters-1.5.0-pyhd8ed1ab_0.tar.bz2#457c2c8c08e54905d6954e79cb5b5db9
https://conda.anaconda.org/conda-forge/noarch/parso-0.8.2-pyhd8ed1ab_0.tar.bz2#fb40b157bd62b457a1cc82527b63f0b0
https://conda.anaconda.org/conda-forge/noarch/prometheus_client-0.11.0-pyhd8ed1ab_0.tar.bz2#01f530bf82d9f589c2087b8c347d5e29
https://conda.anaconda.org/conda-forge/noarch/ptyprocess-0.7.0-pyhd3deb0d_0.tar.bz2#359eeb6536da0e687af562ed265ec263
https://conda.anaconda.org/conda-forge/noarch/pycparser-2.20-pyh9f0ad1d_2.tar.bz2#aa798d50ffd182a0f6f31478c7f434f6
https://conda.anaconda.org/conda-forge/noarch/pyjwt-2.1.0-pyhd8ed1ab_0.tar.bz2#c602e093a43beb74210362e983584666
https://conda.anaconda.org/conda-forge/noarch/pyparsing-2.4.7-pyh9f0ad1d_0.tar.bz2#626c4f20d5bf06dcec9cf2eaa31725c7
https://conda.anaconda.org/conda-forge/noarch/python-json-logger-2.0.1-pyh9f0ad1d_0.tar.bz2#aed452f2f9f8bc8b2b0c412975051b5b
https://conda.anaconda.org/conda-forge/linux-64/python_abi-3.8-2_cp38.tar.bz2#bfbb29d517281e78ac53e48d21e6e860
https://conda.anaconda.org/conda-forge/noarch/pytz-2021.3-pyhd8ed1ab_0.tar.bz2#7e4f811bff46a5a6a7e0094921389395
https://conda.anaconda.org/conda-forge/noarch/send2trash-1.8.0-pyhd8ed1ab_0.tar.bz2#edab14119efe85c3bf131ad747e9005c
https://conda.anaconda.org/conda-forge/noarch/six-1.16.0-pyh6c4a22f_0.tar.bz2#e5f25f8dbc060e9a8d912e432202afc2
https://conda.anaconda.org/conda-forge/noarch/testpath-0.5.0-pyhd8ed1ab_0.tar.bz2#53b57d6a468bebc7cef1253b177a5e9e
https://conda.anaconda.org/conda-forge/noarch/traitlets-5.1.0-pyhd8ed1ab_0.tar.bz2#f6ba1dcaac382d318901f44c0eb3dcb8
https://conda.anaconda.org/conda-forge/noarch/webencodings-0.5.1-py_1.tar.bz2#3563be4c5611a44210d9ba0c16113136
https://conda.anaconda.org/conda-forge/noarch/wheel-0.37.0-pyhd8ed1ab_1.tar.bz2#3aa2c3e25dd361b453d010388b9cdff1
https://conda.anaconda.org/conda-forge/noarch/zipp-3.6.0-pyhd8ed1ab_0.tar.bz2#855e2c4622f5eb50a4f6f7167b9ba17a
https://conda.anaconda.org/conda-forge/noarch/babel-2.9.1-pyh44b312d_0.tar.bz2#74136ed39bfea0832d338df1e58d013e
https://conda.anaconda.org/conda-forge/linux-64/certifi-2021.5.30-py38h578d9bd_0.tar.bz2#a2e14464711f8e76010cd7e0c49bc4ae
https://conda.anaconda.org/conda-forge/linux-64/cffi-1.14.6-py38h3931269_1.tar.bz2#01a5442b5cc3c7e901823fd70fb1aeb5
https://conda.anaconda.org/conda-forge/linux-64/chardet-4.0.0-py38h578d9bd_1.tar.bz2#9294a5e2c7545a2f67ac348aadd53344
https://conda.anaconda.org/conda-forge/linux-64/debugpy-1.4.1-py38h709712a_0.tar.bz2#beb94ee1004332a8553d6517ab461644
https://conda.anaconda.org/conda-forge/linux-64/entrypoints-0.3-py38h32f6830_1002.tar.bz2#b76ac7f9e86b4169c3b3003dedd05e87
https://conda.anaconda.org/conda-forge/linux-64/greenlet-1.1.2-py38h709712a_0.tar.bz2#2e1a9093fee4a01fe28605556b411fc9
https://conda.anaconda.org/conda-forge/linux-64/importlib-metadata-4.8.1-py38h578d9bd_0.tar.bz2#2e668abea4a726f4a19941ddb8a3a9b6
https://conda.anaconda.org/conda-forge/noarch/importlib_resources-5.2.2-pyhd8ed1ab_0.tar.bz2#95f347313ca89b90b65ea5265051aea1
https://conda.anaconda.org/conda-forge/linux-64/jedi-0.18.0-py38h578d9bd_2.tar.bz2#6911600fda608a76bcb58e562457c696
https://conda.anaconda.org/conda-forge/linux-64/jupyter_core-4.8.1-py38h578d9bd_0.tar.bz2#65f7f2961b0c4f005a0a1540224f3b42
https://conda.anaconda.org/conda-forge/linux-64/markupsafe-2.0.1-py38h497a2fe_0.tar.bz2#d075babffd68330d81b0488a45435698
https://conda.anaconda.org/conda-forge/noarch/matplotlib-inline-0.1.3-pyhd8ed1ab_0.tar.bz2#be3bfd435802d2c768c6b2439f325f3d
https://conda.anaconda.org/conda-forge/linux-64/mistune-0.8.4-py38h497a2fe_1004.tar.bz2#d01626bf0bcaec0c23e3e7834dea9a34
https://conda.anaconda.org/conda-forge/noarch/packaging-21.0-pyhd8ed1ab_0.tar.bz2#45cfb8e482b5cce8f07c87e0e19a592c
https://conda.anaconda.org/conda-forge/linux-64/pexpect-4.8.0-py38h32f6830_1.tar.bz2#da53534fe197ed435275df2c59043083
https://conda.anaconda.org/conda-forge/linux-64/pickleshare-0.7.5-py38h32f6830_1002.tar.bz2#7488e0d321c607bbe87ae6555cbc0f18
https://conda.anaconda.org/conda-forge/linux-64/psutil-5.8.0-py38h497a2fe_1.tar.bz2#3c465545aa3cec37f8f1341546677956
https://conda.anaconda.org/conda-forge/linux-64/pycurl-7.44.1-py38h996a351_0.tar.bz2#352a0a3d80f26f84db92b80c0742e212
https://conda.anaconda.org/conda-forge/linux-64/pyrsistent-0.17.3-py38h497a2fe_2.tar.bz2#239e9357764e43276e8e80e65535b46f
https://conda.anaconda.org/conda-forge/linux-64/pysocks-1.7.1-py38h578d9bd_3.tar.bz2#8284bab4783fd6fdd11b695958945614
https://conda.anaconda.org/conda-forge/noarch/python-dateutil-2.8.2-pyhd8ed1ab_0.tar.bz2#dd999d1cc9f79e67dbb855c8924c7984
https://conda.anaconda.org/conda-forge/linux-64/pyzmq-22.3.0-py38h2035c66_0.tar.bz2#94a2c6a24a6e7bc51b2ff8d2a01d9b27
https://conda.anaconda.org/conda-forge/linux-64/ruamel.yaml.clib-0.2.2-py38h497a2fe_2.tar.bz2#5637db1362aff1866921cfcd558065ab
https://conda.anaconda.org/conda-forge/linux-64/setuptools-58.2.0-py38h578d9bd_0.tar.bz2#100c93168a364bf78120b862d6923ab4
https://conda.anaconda.org/conda-forge/linux-64/sniffio-1.2.0-py38h578d9bd_1.tar.bz2#9d2f849149c1bcce8b74ecdfcff8d4c7
https://conda.anaconda.org/conda-forge/linux-64/tornado-6.1-py38h497a2fe_1.tar.bz2#e772c8383768280af283e814e2126663
https://conda.anaconda.org/conda-forge/linux-64/websocket-client-0.57.0-py38h578d9bd_4.tar.bz2#4c59c0d3cc8efeb027b141db67c4fc56
https://conda.anaconda.org/conda-forge/linux-64/anyio-3.3.2-py38h578d9bd_0.tar.bz2#a9a4320cc6137b715aa458247aff6f19
https://conda.anaconda.org/conda-forge/linux-64/argon2-cffi-20.1.0-py38h497a2fe_2.tar.bz2#254bc9d931e9891ce1068eb0335700c1
https://conda.anaconda.org/conda-forge/noarch/backports.functools_lru_cache-1.6.4-pyhd8ed1ab_0.tar.bz2#c5b3edc62d6309088f4970b3eaaa65a6
https://conda.anaconda.org/conda-forge/noarch/bleach-4.1.0-pyhd8ed1ab_0.tar.bz2#4a2104c7b22c222bd0fe03aaef12862c
https://conda.anaconda.org/conda-forge/linux-64/brotlipy-0.7.0-py38h497a2fe_1001.tar.bz2#56753dd777a6517b34966ddcb39af734
https://conda.anaconda.org/conda-forge/linux-64/cryptography-3.4.7-py38ha5dfef3_0.tar.bz2#a8b014aba670157256dabdc885f71af4
https://conda.anaconda.org/conda-forge/noarch/jinja2-3.0.1-pyhd8ed1ab_0.tar.bz2#c647e77921fd3e245cdcc5b2d451a0f8
https://conda.anaconda.org/conda-forge/noarch/jsonschema-4.0.1-pyhd8ed1ab_0.tar.bz2#e51c302441bad8d2fbba17e1e23eac24
https://conda.anaconda.org/conda-forge/noarch/jupyter_client-7.0.6-pyhd8ed1ab_0.tar.bz2#bad4522cf4a022cb5500969ad67c3342
https://conda.anaconda.org/conda-forge/noarch/mako-1.1.5-pyhd8ed1ab_0.tar.bz2#e8f5f27557d8a0f6c4ed9950cd622e50
https://conda.anaconda.org/conda-forge/noarch/pip-21.2.4-pyhd8ed1ab_0.tar.bz2#4104ada314dd5639ea36cc12bce0a2cd
https://conda.anaconda.org/conda-forge/noarch/pygments-2.10.0-pyhd8ed1ab_0.tar.bz2#32bcce837f1316f1c3208118b6c5e5fc
https://conda.anaconda.org/conda-forge/linux-64/ruamel.yaml-0.17.16-py38h497a2fe_0.tar.bz2#0a727cdb48a891535e971b87eae51518
https://conda.anaconda.org/conda-forge/linux-64/sqlalchemy-1.4.25-py38h497a2fe_0.tar.bz2#7c644b91b1b22c20e4ddeabbae890064
https://conda.anaconda.org/conda-forge/linux-64/terminado-0.12.1-py38h578d9bd_0.tar.bz2#bc1b111d56025800eecdc04d0384bddd
https://conda.anaconda.org/conda-forge/noarch/alembic-1.7.3-pyhd8ed1ab_0.tar.bz2#e60694657bfb440e569d043dae99d111
https://conda.anaconda.org/conda-forge/noarch/jupyter_telemetry-0.1.0-pyhd8ed1ab_1.tar.bz2#bb9ebdb6d5aa2622484aff1faceee181
https://conda.anaconda.org/conda-forge/noarch/jupyterlab_pygments-0.1.2-pyh9f0ad1d_0.tar.bz2#2cbd910890bb328e8959246a1e16fac7
https://conda.anaconda.org/conda-forge/noarch/nbformat-5.1.3-pyhd8ed1ab_0.tar.bz2#bafa5df6d4f8db69a4d197b4657127e7
https://conda.anaconda.org/conda-forge/noarch/oauthlib-3.1.1-pyhd8ed1ab_0.tar.bz2#34bb0b023e083aa8a4af74311031a352
https://conda.anaconda.org/conda-forge/noarch/pyopenssl-21.0.0-pyhd8ed1ab_0.tar.bz2#8c49efecb7dca466e18b06015e8c88ce
https://conda.anaconda.org/conda-forge/noarch/wcwidth-0.2.5-pyh9f0ad1d_2.tar.bz2#5266fcd697043c59621fda522b3d78ee
https://conda.anaconda.org/conda-forge/noarch/certipy-0.1.3-py_0.tar.bz2#23486713ef5712923e7c57cae609b22e
https://conda.anaconda.org/conda-forge/noarch/nbclient-0.5.4-pyhd8ed1ab_0.tar.bz2#66ea0ea89e4f657a8b85fa5bdfce60ac
https://conda.anaconda.org/conda-forge/noarch/prompt-toolkit-3.0.20-pyha770c72_0.tar.bz2#98a90e847b48fc14b2d5b12e4884e8d4
https://conda.anaconda.org/conda-forge/noarch/urllib3-1.26.7-pyhd8ed1ab_0.tar.bz2#be75bab4820a56f77ba1a3fc9139c36a
https://conda.anaconda.org/conda-forge/linux-64/ipython-7.28.0-py38he5a9106_0.tar.bz2#031a254a82eeb5bb97b3060ec387fcc2
https://conda.anaconda.org/conda-forge/linux-64/nbconvert-6.0.7-py38h578d9bd_3.tar.bz2#7d0922152b769b5489407f90e84562a6
https://conda.anaconda.org/conda-forge/noarch/requests-2.26.0-pyhd8ed1ab_0.tar.bz2#0ed2ccbde6db9dd5789068eb7194463f
https://conda.anaconda.org/conda-forge/linux-64/ipykernel-6.4.1-py38he5a9106_0.tar.bz2#4cda1a57a3219bf84c99dd3b2eae9cc3
https://conda.anaconda.org/conda-forge/linux-64/jupyterhub-base-1.4.2-py38h578d9bd_0.tar.bz2#3525d4ef3ef2ca54bd7173b5d91a57af
https://conda.anaconda.org/conda-forge/noarch/requests-unixsocket-0.2.0-py_0.tar.bz2#1e94a233d2f2c81b2bf11bd43a515fbe
https://conda.anaconda.org/conda-forge/noarch/jupyter_server-1.11.1-pyhd8ed1ab_0.tar.bz2#8861413be89425f2c32ec15ad098aeb5
https://conda.anaconda.org/conda-forge/linux-64/notebook-6.3.0-py38h578d9bd_0.tar.bz2#4adf7284501331a056f2d1a501570609
https://conda.anaconda.org/conda-forge/noarch/jupyter-offlinenotebook-0.2.1-pyhd8ed1ab_0.tar.bz2#5e0974a4547a2b82667f65a6498c4145
https://conda.anaconda.org/conda-forge/noarch/jupyter-resource-usage-0.6.0-pyhd8ed1ab_0.tar.bz2#db6c08b360baeacba755a78d0a1ecabb
https://conda.anaconda.org/conda-forge/linux-64/jupyterhub-singleuser-1.4.2-py38h578d9bd_0.tar.bz2#1ec75ee653e8a5eeaf8ff2f73f8a774e
https://conda.anaconda.org/conda-forge/noarch/jupyterlab_server-2.8.2-pyhd8ed1ab_0.tar.bz2#c7891bb53fbb3911f4b526533314d63b
https://conda.anaconda.org/conda-forge/noarch/nbclassic-0.3.2-pyhd8ed1ab_0.tar.bz2#289b4ac8e8ce489d747ef9e4d5e1d4d2
https://conda.anaconda.org/conda-forge/noarch/nteract_on_jupyter-2.1.3-py_0.tar.bz2#1430ccd983ae6b161e2fbf4377965f7a
https://conda.anaconda.org/conda-forge/linux-64/widgetsnbextension-3.5.1-py38h578d9bd_4.tar.bz2#beb8a105545382ba138c81c926289b5b
https://conda.anaconda.org/conda-forge/noarch/ipywidgets-7.6.3-pyhd3deb0d_0.tar.bz2#536a9ed6d9e740f2b83d1a3c388e4388
https://conda.anaconda.org/conda-forge/noarch/jupyterlab-3.1.17-pyhd8ed1ab_0.tar.bz2#22bf1d0a87a7015dc51140372ea950fa
