# AUTO GENERATED FROM environment.py-3.11.yml, DO NOT MANUALLY MODIFY
# Frozen on 2024-03-28 14:25:45 UTC
# Generated by conda-lock.
# platform: linux-aarch64
# input_hash: 267a57d1ba99a35a9f18c4e6761c3fe68baf69630b30758636d68b1cad13ca56
@EXPLICIT
https://conda.anaconda.org/conda-forge/linux-aarch64/ca-certificates-2024.2.2-hcefe29a_0.conda#57c226edb90c4e973b9b7503537dd339
https://conda.anaconda.org/conda-forge/linux-aarch64/ld_impl_linux-aarch64-2.40-h2d8c526_0.conda#16246d69e945d0b1969a6099e7c5d457
https://conda.anaconda.org/conda-forge/linux-aarch64/libgomp-13.2.0-hf8544c7_5.conda#379be2f115ffb73860e4e260dd2170b7
https://conda.anaconda.org/conda-forge/linux-aarch64/libstdcxx-ng-13.2.0-h9a76618_5.conda#1b79d37dce0fad96bdf3de03925f43b4
https://conda.anaconda.org/conda-forge/linux-aarch64/pandoc-3.1.12.3-h8af1aa0_0.conda#c4a3de41eaf8f13aa24c7611bed661b5
https://conda.anaconda.org/conda-forge/linux-aarch64/python_abi-3.11-4_cp311.conda#89983f987dfee288f94ddb2ee550ea60
https://conda.anaconda.org/conda-forge/noarch/tzdata-2024a-h0c530f3_0.conda#161081fc7cec0bfda0d86d7cb595f8d8
https://conda.anaconda.org/conda-forge/linux-aarch64/_openmp_mutex-4.5-2_gnu.tar.bz2#6168d71addc746e8f2b8d57dfd2edcea
https://conda.anaconda.org/conda-forge/linux-aarch64/libgcc-ng-13.2.0-hf8544c7_5.conda#dee934e640275d9e74e7bbd455f25162
https://conda.anaconda.org/conda-forge/linux-aarch64/bzip2-1.0.8-h31becfc_5.conda#a64e35f01e0b7a2a152eca87d33b9c87
https://conda.anaconda.org/conda-forge/linux-aarch64/icu-73.2-h787c7f5_0.conda#9d3c29d71f28452a2e843aff8cbe09d2
https://conda.anaconda.org/conda-forge/linux-aarch64/libexpat-2.6.2-h2f0025b_0.conda#1b9f46b804a2c3c5d7fd6a80b77c35f9
https://conda.anaconda.org/conda-forge/linux-aarch64/libffi-3.4.2-h3557bc0_5.tar.bz2#dddd85f4d52121fab0a8b099c5e06501
https://conda.anaconda.org/conda-forge/linux-aarch64/libnsl-2.0.1-h31becfc_0.conda#c14f32510f694e3185704d89967ec422
https://conda.anaconda.org/conda-forge/linux-aarch64/libsodium-1.0.18-hb9de7d4_1.tar.bz2#d09ab3c60eebb6f14eb4d07e172775cc
https://conda.anaconda.org/conda-forge/linux-aarch64/libuuid-2.38.1-hb4cce97_0.conda#000e30b09db0b7c775b21695dff30969
https://conda.anaconda.org/conda-forge/linux-aarch64/libuv-1.46.0-h31becfc_0.conda#9f34d91c42a7820676a895c314910ba7
https://conda.anaconda.org/conda-forge/linux-aarch64/libxcrypt-4.4.36-h31becfc_1.conda#b4df5d7d4b63579d081fd3a4cf99740e
https://conda.anaconda.org/conda-forge/linux-aarch64/libzlib-1.2.13-h31becfc_5.conda#b213aa87eea9491ef7b129179322e955
https://conda.anaconda.org/conda-forge/linux-aarch64/ncurses-6.4.20240210-h0425590_0.conda#c1a1612ddaee95c83abfa0b2ec858626
https://conda.anaconda.org/conda-forge/linux-aarch64/openssl-3.2.1-h31becfc_1.conda#e95eb18d256edc72058e0dc9be5338a0
https://conda.anaconda.org/conda-forge/linux-aarch64/xz-5.2.6-h9cdd2b7_0.tar.bz2#83baad393a31d59c20b63ba4da6592df
https://conda.anaconda.org/conda-forge/linux-aarch64/yaml-0.2.5-hf897c2e_2.tar.bz2#b853307650cb226731f653aa623936a4
https://conda.anaconda.org/conda-forge/linux-aarch64/libsqlite-3.45.2-h194ca79_0.conda#bf4c96a21fbfc6a6ef6a7781a534a4e0
https://conda.anaconda.org/conda-forge/linux-aarch64/readline-8.2-h8fc344f_1.conda#105eb1e16bf83bfb2eb380a48032b655
https://conda.anaconda.org/conda-forge/linux-aarch64/tk-8.6.13-h194ca79_0.conda#f75105e0585851f818e0009dd1dde4dc
https://conda.anaconda.org/conda-forge/linux-aarch64/zeromq-4.3.5-h2f0025b_1.conda#2788863355609f0de396ac6e9c6b59f7
https://conda.anaconda.org/conda-forge/linux-aarch64/zlib-1.2.13-h31becfc_5.conda#96866c7301479abaf8308c50958c71a4
https://conda.anaconda.org/conda-forge/linux-aarch64/nodejs-18.19.0-hc1f8a26_0.conda#b83df948ac353669bab45fa6efb4c312
https://conda.anaconda.org/conda-forge/linux-aarch64/python-3.11.8-h43d1f9e_0_cpython.conda#fec01f7d8fdfec9c4881a1c9bdbc959e
https://conda.anaconda.org/conda-forge/noarch/async_generator-1.10-py_0.tar.bz2#d56c596e61b1c4952acf0a9920856c12
https://conda.anaconda.org/conda-forge/noarch/attrs-23.2.0-pyh71513ae_0.conda#5e4c0743c70186509d1412e03c2d8dfa
https://conda.anaconda.org/conda-forge/noarch/blinker-1.7.0-pyhd8ed1ab_0.conda#550da20b2c2e38be9cc44bb819fda5d5
https://conda.anaconda.org/conda-forge/linux-aarch64/brotli-python-1.1.0-py311h8715677_1.conda#22c060f41b1407ed9f40ce6468bdc338
https://conda.anaconda.org/conda-forge/noarch/cached_property-1.5.2-pyha770c72_1.tar.bz2#576d629e47797577ab0f1b351297ef4a
https://conda.anaconda.org/conda-forge/noarch/certifi-2024.2.2-pyhd8ed1ab_0.conda#0876280e409658fc6f9e75d035960333
https://conda.anaconda.org/conda-forge/noarch/charset-normalizer-3.3.2-pyhd8ed1ab_0.conda#7f4a9e3fcff3f6356ae99244a014da6a
https://conda.anaconda.org/conda-forge/linux-aarch64/debugpy-1.8.1-py311h8715677_0.conda#d8ae39c7720408f4d859be8b8606088d
https://conda.anaconda.org/conda-forge/noarch/decorator-5.1.1-pyhd8ed1ab_0.tar.bz2#43afe5ab04e35e17ba28649471dd7364
https://conda.anaconda.org/conda-forge/noarch/defusedxml-0.7.1-pyhd8ed1ab_0.tar.bz2#961b3a227b437d82ad7054484cfa71b2
https://conda.anaconda.org/conda-forge/noarch/entrypoints-0.4-pyhd8ed1ab_0.tar.bz2#3cf04868fee0a029769bd41f4b2fbf2d
https://conda.anaconda.org/conda-forge/noarch/exceptiongroup-1.2.0-pyhd8ed1ab_2.conda#8d652ea2ee8eaee02ed8dc820bc794aa
https://conda.anaconda.org/conda-forge/noarch/executing-2.0.1-pyhd8ed1ab_0.conda#e16be50e378d8a4533b989035b196ab8
https://conda.anaconda.org/conda-forge/linux-aarch64/greenlet-3.0.3-py311h8715677_0.conda#4558bf1dc476a6ecc8438d29b5bb2548
https://conda.anaconda.org/conda-forge/noarch/hpack-4.0.0-pyh9f0ad1d_0.tar.bz2#914d6646c4dbb1fd3ff539830a12fd71
https://conda.anaconda.org/conda-forge/noarch/hyperframe-6.0.1-pyhd8ed1ab_0.tar.bz2#9f765cbfab6870c8435b9eefecd7a1f4
https://conda.anaconda.org/conda-forge/noarch/idna-3.6-pyhd8ed1ab_0.conda#1a76f09108576397c41c0b0c5bd84134
https://conda.anaconda.org/conda-forge/noarch/ipython_genutils-0.2.0-py_1.tar.bz2#5071c982548b3a20caf70462f04f5287
https://conda.anaconda.org/conda-forge/noarch/json5-0.9.24-pyhd8ed1ab_0.conda#fc9780a517b51ea3798fc011c17ffd51
https://conda.anaconda.org/conda-forge/linux-aarch64/jsonpointer-2.4-py311hec3470c_3.conda#4f2983c27363a8685eccfb721acd2a03
https://conda.anaconda.org/conda-forge/noarch/jupyterlab_widgets-3.0.10-pyhd8ed1ab_0.conda#16b73b2c4ff7dda8bbecf88aadfe2027
https://conda.anaconda.org/conda-forge/linux-aarch64/markupsafe-2.1.5-py311hc8f2f60_0.conda#e0b4d562accc096561afce52343d72d8
https://conda.anaconda.org/conda-forge/noarch/mistune-3.0.2-pyhd8ed1ab_0.conda#5cbee699846772cc939bef23a0d524ed
https://conda.anaconda.org/conda-forge/noarch/nest-asyncio-1.6.0-pyhd8ed1ab_0.conda#6598c056f64dc8800d40add25e4e2c34
https://conda.anaconda.org/conda-forge/noarch/packaging-24.0-pyhd8ed1ab_0.conda#248f521b64ce055e7feae3105e7abeb8
https://conda.anaconda.org/conda-forge/noarch/pamela-1.1.0-pyh1a96a4e_0.conda#dce93ccf07159017c69c6d9cea2d5d61
https://conda.anaconda.org/conda-forge/noarch/pandocfilters-1.5.0-pyhd8ed1ab_0.tar.bz2#457c2c8c08e54905d6954e79cb5b5db9
https://conda.anaconda.org/conda-forge/noarch/parso-0.8.3-pyhd8ed1ab_0.tar.bz2#17a565a0c3899244e938cdf417e7b094
https://conda.anaconda.org/conda-forge/noarch/pickleshare-0.7.5-py_1003.tar.bz2#415f0ebb6198cc2801c73438a9fb5761
https://conda.anaconda.org/conda-forge/noarch/pkgutil-resolve-name-1.3.10-pyhd8ed1ab_1.conda#405678b942f2481cecdb3e010f4925d9
https://conda.anaconda.org/conda-forge/noarch/platformdirs-4.2.0-pyhd8ed1ab_0.conda#a0bc3eec34b0fab84be6b2da94e98e20
https://conda.anaconda.org/conda-forge/noarch/prometheus_client-0.20.0-pyhd8ed1ab_0.conda#9a19b94034dd3abb2b348c8b93388035
https://conda.anaconda.org/conda-forge/linux-aarch64/psutil-5.9.8-py311hcd402e7_0.conda#858767f880caa447ae640a991ec5ba9e
https://conda.anaconda.org/conda-forge/noarch/ptyprocess-0.7.0-pyhd3deb0d_0.tar.bz2#359eeb6536da0e687af562ed265ec263
https://conda.anaconda.org/conda-forge/noarch/pure_eval-0.2.2-pyhd8ed1ab_0.tar.bz2#6784285c7e55cb7212efabc79e4c2883
https://conda.anaconda.org/conda-forge/noarch/pycparser-2.21-pyhd8ed1ab_0.tar.bz2#076becd9e05608f8dc72757d5f3a91ff
https://conda.anaconda.org/conda-forge/noarch/pygments-2.17.2-pyhd8ed1ab_0.conda#140a7f159396547e9799aa98f9f0742e
https://conda.anaconda.org/conda-forge/noarch/pyjwt-2.8.0-pyhd8ed1ab_1.conda#74f76d4868dbba5870f2cf1d9b12d8f3
https://conda.anaconda.org/conda-forge/noarch/pysocks-1.7.1-pyha2e5f31_6.tar.bz2#2a7de29fb590ca14b5243c4c812c8025
https://conda.anaconda.org/conda-forge/noarch/python-fastjsonschema-2.19.1-pyhd8ed1ab_0.conda#4d3ceee3af4b0f9a1f48f57176bf8625
https://conda.anaconda.org/conda-forge/noarch/python-json-logger-2.0.7-pyhd8ed1ab_0.conda#a61bf9ec79426938ff785eb69dbb1960
https://conda.anaconda.org/conda-forge/noarch/pytz-2024.1-pyhd8ed1ab_0.conda#3eeeeb9e4827ace8c0c1419c85d590ad
https://conda.anaconda.org/conda-forge/linux-aarch64/pyyaml-6.0.1-py311hcd402e7_1.conda#78775409be46d19acb2b453f1f2c4757
https://conda.anaconda.org/conda-forge/linux-aarch64/pyzmq-24.0.1-py311h22a2215_1.tar.bz2#f53eaaf16aabefc915b90a28a16b41b5
https://conda.anaconda.org/conda-forge/noarch/rfc3986-validator-0.1.1-pyh9f0ad1d_0.tar.bz2#912a71cc01012ee38e6b90ddd561e36f
https://conda.anaconda.org/conda-forge/linux-aarch64/rpds-py-0.18.0-py311h32437ce_0.conda#aeb6ddb6122e168831c7b846c1a0cbb8
https://conda.anaconda.org/conda-forge/linux-aarch64/ruamel.yaml.clib-0.2.8-py311hcd402e7_0.conda#367fa51ffb1fc82a5f914d4d78c79630
https://conda.anaconda.org/conda-forge/noarch/send2trash-1.8.2-pyh41d4057_0.conda#ada5a17adcd10be4fc7e37e4166ba0e2
https://conda.anaconda.org/conda-forge/noarch/setuptools-69.2.0-pyhd8ed1ab_0.conda#da214ecd521a720a9d521c68047682dc
https://conda.anaconda.org/conda-forge/noarch/six-1.16.0-pyh6c4a22f_0.tar.bz2#e5f25f8dbc060e9a8d912e432202afc2
https://conda.anaconda.org/conda-forge/noarch/sniffio-1.3.1-pyhd8ed1ab_0.conda#490730480d76cf9c8f8f2849719c6e2b
https://conda.anaconda.org/conda-forge/noarch/soupsieve-2.5-pyhd8ed1ab_1.conda#3f144b2c34f8cb5a9abd9ed23a39c561
https://conda.anaconda.org/conda-forge/noarch/tomli-2.0.1-pyhd8ed1ab_0.tar.bz2#5844808ffab9ebdb694585b50ba02a96
https://conda.anaconda.org/conda-forge/linux-aarch64/tornado-6.4-py311hc8f2f60_0.conda#90a4f3a56eafa97db58d406e51dcf23c
https://conda.anaconda.org/conda-forge/noarch/traitlets-5.14.2-pyhd8ed1ab_0.conda#af5fa2d2186003472e766a23c46cae04
https://conda.anaconda.org/conda-forge/noarch/types-python-dateutil-2.9.0.20240316-pyhd8ed1ab_0.conda#7831efa91d57475373ee52fb92e8d137
https://conda.anaconda.org/conda-forge/noarch/typing_extensions-4.10.0-pyha770c72_0.conda#16ae769069b380646c47142d719ef466
https://conda.anaconda.org/conda-forge/noarch/typing_utils-0.1.0-pyhd8ed1ab_0.tar.bz2#eb67e3cace64c66233e2d35949e20f92
https://conda.anaconda.org/conda-forge/noarch/uri-template-1.3.0-pyhd8ed1ab_0.conda#0944dc65cb4a9b5b68522c3bb585d41c
https://conda.anaconda.org/conda-forge/noarch/wcwidth-0.2.13-pyhd8ed1ab_0.conda#68f0738df502a14213624b288c60c9ad
https://conda.anaconda.org/conda-forge/noarch/webcolors-1.13-pyhd8ed1ab_0.conda#166212fe82dad8735550030488a01d03
https://conda.anaconda.org/conda-forge/noarch/webencodings-0.5.1-pyhd8ed1ab_2.conda#daf5160ff9cde3a468556965329085b9
https://conda.anaconda.org/conda-forge/noarch/websocket-client-1.7.0-pyhd8ed1ab_0.conda#50ad31e07d706aae88b14a4ac9c73f23
https://conda.anaconda.org/conda-forge/noarch/wheel-0.43.0-pyhd8ed1ab_1.conda#0b5293a157c2b5cd513dd1b03d8d3aae
https://conda.anaconda.org/conda-forge/noarch/widgetsnbextension-4.0.10-pyhd8ed1ab_0.conda#521f489e3babeddeec638c2add7e9e64
https://conda.anaconda.org/conda-forge/noarch/zipp-3.17.0-pyhd8ed1ab_0.conda#2e4d6bc0b14e10f895fc6791a7d9b26a
https://conda.anaconda.org/conda-forge/noarch/anyio-4.3.0-pyhd8ed1ab_0.conda#ac95aa8ed65adfdde51132595c79aade
https://conda.anaconda.org/conda-forge/noarch/asttokens-2.4.1-pyhd8ed1ab_0.conda#5f25798dcefd8252ce5f9dc494d5f571
https://conda.anaconda.org/conda-forge/noarch/async-lru-2.0.4-pyhd8ed1ab_0.conda#3d081de3a6ea9f894bbb585e8e3a4dcb
https://conda.anaconda.org/conda-forge/noarch/babel-2.14.0-pyhd8ed1ab_0.conda#9669586875baeced8fc30c0826c3270e
https://conda.anaconda.org/conda-forge/noarch/beautifulsoup4-4.12.3-pyha770c72_0.conda#332493000404d8411859539a5a630865
https://conda.anaconda.org/conda-forge/noarch/bleach-6.1.0-pyhd8ed1ab_0.conda#0ed9d7c0e9afa7c025807a9a8136ea3e
https://conda.anaconda.org/conda-forge/noarch/cached-property-1.5.2-hd8ed1ab_1.tar.bz2#9b347a7ec10940d3f7941ff6c460b551
https://conda.anaconda.org/conda-forge/linux-aarch64/cffi-1.16.0-py311h7963103_0.conda#724e9c95346e0545543124bd3237ed7a
https://conda.anaconda.org/conda-forge/noarch/comm-0.2.2-pyhd8ed1ab_0.conda#948d84721b578d426294e17a02e24cbb
https://conda.anaconda.org/conda-forge/noarch/h11-0.14.0-pyhd8ed1ab_0.tar.bz2#b21ed0883505ba1910994f1df031a428
https://conda.anaconda.org/conda-forge/noarch/h2-4.1.0-pyhd8ed1ab_0.tar.bz2#b748fbf7060927a6e82df7cb5ee8f097
https://conda.anaconda.org/conda-forge/noarch/importlib-metadata-7.1.0-pyha770c72_0.conda#0896606848b2dc5cebdf111b6543aa04
https://conda.anaconda.org/conda-forge/noarch/importlib_resources-6.4.0-pyhd8ed1ab_0.conda#c5d3907ad8bd7bf557521a1833cf7e6d
https://conda.anaconda.org/conda-forge/noarch/jedi-0.19.1-pyhd8ed1ab_0.conda#81a3be0b2023e1ea8555781f0ad904a2
https://conda.anaconda.org/conda-forge/noarch/jinja2-3.1.3-pyhd8ed1ab_0.conda#e7d8df6509ba635247ff9aea31134262
https://conda.anaconda.org/conda-forge/linux-aarch64/jupyter_core-5.7.2-py311hec3470c_0.conda#eb1788f50737ec7c56c5c730e9dc55d7
https://conda.anaconda.org/conda-forge/noarch/jupyterlab_pygments-0.3.0-pyhd8ed1ab_1.conda#afcd1b53bcac8844540358e33f33d28f
https://conda.anaconda.org/conda-forge/noarch/matplotlib-inline-0.1.6-pyhd8ed1ab_0.tar.bz2#b21613793fcc81d944c76c9f2864a7de
https://conda.anaconda.org/conda-forge/noarch/overrides-7.7.0-pyhd8ed1ab_0.conda#24fba5a9d161ad8103d4e84c0e1a3ed4
https://conda.anaconda.org/conda-forge/noarch/pexpect-4.9.0-pyhd8ed1ab_0.conda#629f3203c99b32e0988910c93e77f3b6
https://conda.anaconda.org/conda-forge/noarch/pip-24.0-pyhd8ed1ab_0.conda#f586ac1e56c8638b64f9c8122a7b8a67
https://conda.anaconda.org/conda-forge/noarch/prompt-toolkit-3.0.42-pyha770c72_0.conda#0bf64bf10eee21f46ac83c161917fa86
https://conda.anaconda.org/conda-forge/noarch/python-dateutil-2.9.0-pyhd8ed1ab_0.conda#2cf4264fffb9e6eff6031c5b6884d61c
https://conda.anaconda.org/conda-forge/noarch/referencing-0.34.0-pyhd8ed1ab_0.conda#e4492c22e314be5c75db3469e3bbf3d9
https://conda.anaconda.org/conda-forge/noarch/rfc3339-validator-0.1.4-pyhd8ed1ab_0.tar.bz2#fed45fc5ea0813240707998abe49f520
https://conda.anaconda.org/conda-forge/linux-aarch64/ruamel.yaml-0.18.6-py311hcd402e7_0.conda#89738054f4a54b3b63b1afef375d97a0
https://conda.anaconda.org/conda-forge/noarch/terminado-0.18.1-pyh0d859eb_0.conda#efba281bbdae5f6b0a1d53c6d4a97c93
https://conda.anaconda.org/conda-forge/noarch/tinycss2-1.2.1-pyhd8ed1ab_0.tar.bz2#7234c9eefff659501cd2fe0d2ede4d48
https://conda.anaconda.org/conda-forge/noarch/typing-extensions-4.10.0-hd8ed1ab_0.conda#091683b9150d2ebaa62fd7e2c86433da
https://conda.anaconda.org/conda-forge/noarch/urllib3-2.2.1-pyhd8ed1ab_0.conda#08807a87fa7af10754d46f63b368e016
https://conda.anaconda.org/conda-forge/linux-aarch64/argon2-cffi-bindings-21.2.0-py311hcd402e7_4.conda#836640e8a482dc22decea414117bb2ad
https://conda.anaconda.org/conda-forge/noarch/arrow-1.3.0-pyhd8ed1ab_0.conda#b77d8c2313158e6e461ca0efb1c2c508
https://conda.anaconda.org/conda-forge/linux-aarch64/cryptography-42.0.5-py311hd42d77a_0.conda#858e2be0ec0e97267ddb2af68482c81c
https://conda.anaconda.org/conda-forge/noarch/fqdn-1.5.1-pyhd8ed1ab_0.tar.bz2#642d35437078749ef23a5dca2c9bb1f3
https://conda.anaconda.org/conda-forge/noarch/httpcore-1.0.5-pyhd8ed1ab_0.conda#a6b9a0158301e697e4d0a36a3d60e133
https://conda.anaconda.org/conda-forge/noarch/importlib_metadata-7.1.0-hd8ed1ab_0.conda#6ef2b72d291b39e479d7694efa2b2b98
https://conda.anaconda.org/conda-forge/noarch/jsonschema-specifications-2023.12.1-pyhd8ed1ab_0.conda#a0e4efb5f35786a05af4809a2fb1f855
https://conda.anaconda.org/conda-forge/noarch/jupyter_client-7.4.9-pyhd8ed1ab_0.conda#5cbf9a31a19d4ef9103adb7d71fd45fd
https://conda.anaconda.org/conda-forge/noarch/jupyter_server_terminals-0.5.3-pyhd8ed1ab_0.conda#219b3833aa8ed91d47d1be6ca03f30be
https://conda.anaconda.org/conda-forge/noarch/mako-1.3.2-pyhd8ed1ab_0.conda#a6b5f0124bc6d061350edd6d7f96dd05
https://conda.anaconda.org/conda-forge/noarch/requests-2.31.0-pyhd8ed1ab_0.conda#a30144e4156cdbb236f99ebb49828f8b
https://conda.anaconda.org/conda-forge/linux-aarch64/sqlalchemy-2.0.29-py311hc8f2f60_0.conda#be07c93e51d4a020633096a802f7915b
https://conda.anaconda.org/conda-forge/noarch/stack_data-0.6.2-pyhd8ed1ab_0.conda#e7df0fdd404616638df5ece6e69ba7af
https://conda.anaconda.org/conda-forge/noarch/alembic-1.13.1-pyhd8ed1ab_1.conda#7b7b0062b0de9f3f71502d31215fcbbb
https://conda.anaconda.org/conda-forge/noarch/argon2-cffi-23.1.0-pyhd8ed1ab_0.conda#3afef1f55a1366b4d3b6a0d92e2235e4
https://conda.anaconda.org/conda-forge/noarch/httpx-0.27.0-pyhd8ed1ab_0.conda#9f359af5a886fd6ca6b2b6ea02e58332
https://conda.anaconda.org/conda-forge/noarch/ipython-8.22.2-pyh707e725_0.conda#f0abe827c8a7c6d91bccdf90cb1fbee3
https://conda.anaconda.org/conda-forge/noarch/isoduration-20.11.0-pyhd8ed1ab_0.tar.bz2#4cb68948e0b8429534380243d063a27a
https://conda.anaconda.org/conda-forge/noarch/jsonschema-4.21.1-pyhd8ed1ab_0.conda#8a3a3d01629da20befa340919e3dd2c4
https://conda.anaconda.org/conda-forge/noarch/oauthlib-3.2.2-pyhd8ed1ab_0.tar.bz2#8f882b197fd9c4941a787926baea4868
https://conda.anaconda.org/conda-forge/noarch/pyopenssl-24.0.0-pyhd8ed1ab_0.conda#b50aec2c744a5c493c09cce9e2e7533e
https://conda.anaconda.org/conda-forge/noarch/certipy-0.1.3-py_0.tar.bz2#23486713ef5712923e7c57cae609b22e
https://conda.anaconda.org/conda-forge/noarch/ipykernel-6.29.3-pyhd33586a_0.conda#e0deff12c601ce5cb7476f93718f3168
https://conda.anaconda.org/conda-forge/noarch/ipywidgets-8.1.2-pyhd8ed1ab_0.conda#67f86478c78637f68c1f3858973021f2
https://conda.anaconda.org/conda-forge/noarch/jsonschema-with-format-nongpl-4.21.1-pyhd8ed1ab_0.conda#26bce4b5405738c09304d4f4796b2c2a
https://conda.anaconda.org/conda-forge/noarch/jupyter_telemetry-0.1.0-pyhd8ed1ab_1.tar.bz2#bb9ebdb6d5aa2622484aff1faceee181
https://conda.anaconda.org/conda-forge/noarch/nbformat-5.10.3-pyhd8ed1ab_0.conda#ca3d437c0ef2e87f63d085822c74c49a
https://conda.anaconda.org/conda-forge/noarch/jupyter_events-0.10.0-pyhd8ed1ab_0.conda#ed45423c41b3da15ea1df39b1f80c2ca
https://conda.anaconda.org/conda-forge/noarch/jupyterhub-base-3.1.1-pyh2a2186d_0.conda#78fc5dfd4577a7ba172fa65eb64b6afb
https://conda.anaconda.org/conda-forge/noarch/nbclient-0.10.0-pyhd8ed1ab_0.conda#15b51397e0fe8ea7d7da60d83eb76ebc
https://conda.anaconda.org/conda-forge/noarch/nbconvert-core-7.16.3-pyhd8ed1ab_0.conda#0cab42b4917e71df9dc2224b9940ef19
https://conda.anaconda.org/conda-forge/noarch/jupyter_server-2.13.0-pyhd8ed1ab_0.conda#e242df505f194c4932fbb840a99207e2
https://conda.anaconda.org/conda-forge/noarch/nbconvert-pandoc-7.16.3-hd8ed1ab_0.conda#1344bbd74e8bcd1acdd8ec0824e9840c
https://conda.anaconda.org/conda-forge/noarch/jupyter-lsp-2.2.4-pyhd8ed1ab_0.conda#91f93e1ebf6535be518715432d89fd92
https://conda.anaconda.org/conda-forge/noarch/jupyter-resource-usage-1.0.2-pyhd8ed1ab_0.conda#dec5f3f95c6bef50591d552d00c22c0c
https://conda.anaconda.org/conda-forge/noarch/jupyterlab_server-2.25.4-pyhd8ed1ab_0.conda#ffd61670ae09d2d3c637f6afd29db443
https://conda.anaconda.org/conda-forge/noarch/nbconvert-7.16.3-hd8ed1ab_0.conda#b0c9bbbe54a11a6db3bec51eb0ef0281
https://conda.anaconda.org/conda-forge/noarch/notebook-shim-0.2.4-pyhd8ed1ab_0.conda#3d85618e2c97ab896b5b5e298d32b5b3
https://conda.anaconda.org/conda-forge/noarch/jupyterlab-4.1.5-pyhd8ed1ab_0.conda#04b1ca9d7ac414b3f5c3fb16066c6861
https://conda.anaconda.org/conda-forge/noarch/nbclassic-1.0.0-pyhb4ecaf3_1.conda#a0be31e9bd84d6eae87cdbf74c56b90b
https://conda.anaconda.org/conda-forge/noarch/jupyterhub-singleuser-3.1.1-pyh2a2186d_0.conda#6d0a3394efe9ff7c0ad1ed03a6ca3720
https://conda.anaconda.org/conda-forge/noarch/notebook-6.5.6-pyha770c72_0.conda#2e2422cf19f555ef3ddbbeaf2eac7545
https://conda.anaconda.org/conda-forge/noarch/jupyter-offlinenotebook-0.2.2-pyh1d7be83_0.tar.bz2#fe55056ce4bc4bd4953ba440270735fb
