# py3.5 conda packages are no longer being updated as of 12/2018
# this file is hand-maintained now
# and should only receive security fixes, no new features
@EXPLICIT
https://conda.anaconda.org/conda-forge/linux-64/_libgcc_mutex-0.1-main.tar.bz2
https://conda.anaconda.org/conda-forge/linux-64/ca-certificates-2018.10.15-ha4d7672_0.tar.bz2
https://repo.anaconda.com/pkgs/main/linux-64/libstdcxx-ng-7.2.0-hdf63c60_3.conda
https://repo.anaconda.com/pkgs/main/linux-64/libgcc-ng-7.2.0-hdf63c60_3.conda
https://conda.anaconda.org/conda-forge/linux-64/bzip2-1.0.6-h470a237_2.tar.bz2
https://conda.anaconda.org/conda-forge/linux-64/gmp-6.1.2-hfc679d8_0.tar.bz2
https://conda.anaconda.org/conda-forge/linux-64/libffi-3.2.1-hfc679d8_5.tar.bz2
https://conda.anaconda.org/conda-forge/linux-64/libsodium-1.0.16-h470a237_1.tar.bz2
https://conda.anaconda.org/conda-forge/linux-64/ncurses-6.1-hfc679d8_1.tar.bz2
https://conda.anaconda.org/conda-forge/linux-64/openssl-1.0.2p-h470a237_1.tar.bz2
https://conda.anaconda.org/conda-forge/linux-64/xz-5.2.4-h470a237_1.tar.bz2
https://conda.anaconda.org/conda-forge/linux-64/zlib-1.2.11-h470a237_3.tar.bz2
https://conda.anaconda.org/conda-forge/linux-64/pandoc-1.19.2-0.tar.bz2
https://conda.anaconda.org/conda-forge/linux-64/readline-7.0-haf1bffa_1.tar.bz2
https://conda.anaconda.org/conda-forge/linux-64/tk-8.6.9-ha92aebf_0.tar.bz2
https://conda.anaconda.org/conda-forge/linux-64/zeromq-4.2.5-hfc679d8_6.tar.bz2
https://conda.anaconda.org/conda-forge/linux-64/sqlite-3.25.3-hb1c47c0_0.tar.bz2
https://conda.anaconda.org/conda-forge/linux-64/python-3.5.5-h5001a0f_2.tar.bz2
https://conda.anaconda.org/conda-forge/noarch/backcall-0.1.0-py_0.tar.bz2
https://conda.anaconda.org/conda-forge/linux-64/certifi-2018.8.24-py35_1001.tar.bz2
https://conda.anaconda.org/conda-forge/noarch/decorator-4.3.0-py_0.tar.bz2
https://conda.anaconda.org/conda-forge/noarch/defusedxml-0.5.0-py_1.tar.bz2
https://conda.anaconda.org/conda-forge/linux-64/entrypoints-0.2.3-py35_2.tar.bz2
https://conda.anaconda.org/conda-forge/noarch/ipython_genutils-0.2.0-py_1.tar.bz2
https://conda.anaconda.org/conda-forge/linux-64/jsonschema-2.6.0-py35_2.tar.bz2
https://conda.anaconda.org/conda-forge/linux-64/markupsafe-1.0-py35h470a237_1.tar.bz2
https://conda.anaconda.org/conda-forge/linux-64/mistune-0.8.3-py35h470a237_2.tar.bz2
https://conda.anaconda.org/conda-forge/noarch/pandocfilters-1.4.2-py_1.tar.bz2
https://conda.anaconda.org/conda-forge/noarch/parso-0.3.1-py_0.tar.bz2
https://conda.anaconda.org/conda-forge/linux-64/pickleshare-0.7.5-py35_0.tar.bz2
https://conda.anaconda.org/conda-forge/noarch/prometheus_client-0.4.2-py_0.tar.bz2
https://conda.anaconda.org/conda-forge/linux-64/ptyprocess-0.6.0-py35_1000.tar.bz2
https://conda.anaconda.org/conda-forge/linux-64/pyzmq-17.1.2-py35hae99301_0.tar.bz2
https://conda.anaconda.org/conda-forge/noarch/send2trash-1.5.0-py_0.tar.bz2
https://conda.anaconda.org/conda-forge/noarch/simplegeneric-0.8.1-py_1.tar.bz2
https://conda.anaconda.org/conda-forge/linux-64/six-1.11.0-py35_1.tar.bz2
https://conda.anaconda.org/conda-forge/linux-64/testpath-0.3.1-py35_1.tar.bz2
https://conda.anaconda.org/conda-forge/linux-64/tornado-5.1.1-py35h470a237_0.tar.bz2
https://conda.anaconda.org/conda-forge/noarch/wcwidth-0.1.7-py_1.tar.bz2
https://conda.anaconda.org/conda-forge/noarch/webencodings-0.5.1-py_1.tar.bz2
https://conda.anaconda.org/conda-forge/linux-64/jedi-0.12.1-py35_0.tar.bz2
https://conda.anaconda.org/conda-forge/linux-64/pexpect-4.6.0-py35_0.tar.bz2
https://conda.anaconda.org/conda-forge/noarch/python-dateutil-2.7.5-py_0.tar.bz2
https://conda.anaconda.org/conda-forge/linux-64/setuptools-40.4.3-py35_0.tar.bz2
https://conda.anaconda.org/conda-forge/linux-64/terminado-0.8.1-py35_1.tar.bz2
https://conda.anaconda.org/conda-forge/linux-64/traitlets-4.3.2-py35_0.tar.bz2
https://conda.anaconda.org/conda-forge/noarch/bleach-3.0.2-py_0.tar.bz2
https://conda.anaconda.org/conda-forge/noarch/jinja2-2.10-py_1.tar.bz2
https://conda.anaconda.org/conda-forge/noarch/jupyter_core-4.4.0-py_0.tar.bz2
https://conda.anaconda.org/conda-forge/noarch/pygments-2.2.0-py_1.tar.bz2
https://conda.anaconda.org/conda-forge/linux-64/wheel-0.32.0-py35_1000.tar.bz2
https://conda.anaconda.org/conda-forge/noarch/jupyter_client-5.2.3-py_1.tar.bz2
https://conda.anaconda.org/conda-forge/noarch/nbformat-4.4.0-py_1.tar.bz2
https://conda.anaconda.org/conda-forge/linux-64/pip-18.0-py35_1001.tar.bz2
https://conda.anaconda.org/conda-forge/noarch/prompt_toolkit-2.0.7-py_0.tar.bz2
https://conda.anaconda.org/conda-forge/linux-64/ipython-7.0.1-py35h24bf2e0_0.tar.bz2
https://conda.anaconda.org/conda-forge/label/broken/noarch/nbconvert-5.4.0-1.tar.bz2
https://conda.anaconda.org/conda-forge/label/broken/noarch/ipykernel-5.1.0-pyh24bf2e0_0.tar.bz2
https://conda.anaconda.org/conda-forge/linux-64/notebook-5.7.0-py35_0.tar.bz2
https://conda.anaconda.org/conda-forge/noarch/jupyterlab_launcher-0.13.1-py_2.tar.bz2
https://conda.anaconda.org/conda-forge/linux-64/widgetsnbextension-3.2.1-py35_1.tar.bz2
https://conda.anaconda.org/conda-forge/linux-64/ipywidgets-7.2.1-py35_1.tar.bz2
https://conda.anaconda.org/conda-forge/linux-64/jupyterlab-0.34.9-py35_0.tar.bz2
